
Microsoft Visual Studio Solution File, Format Version 12.00
# Visual Studio 15
VisualStudioVersion = 15.0.27004.2002
MinimumVisualStudioVersion = 10.0.40219.1
Project("{FAE04EC0-301F-11D3-BF4B-00C04F79EFBC}") = "Работа 5-1", "Работа 5-1\Работа 5-1.csproj", "{72E869C1-C4B3-4129-8F5E-46F82A3464B5}"
EndProject
Project("{FAE04EC0-301F-11D3-BF4B-00C04F79EFBC}") = "Задание 5-2", "Задание 5-2\Задание 5-2.csproj", "{3F63494D-3565-4BA7-BACD-BC69CDFD0152}"
EndProject
Project("{FAE04EC0-301F-11D3-BF4B-00C04F79EFBC}") = "Задание 5-3", "Задание 5-3\Задание 5-3.csproj", "{DCBBDDDB-9FAE-4CD6-8C90-133E71571A9D}"
EndProject
Project("{FAE04EC0-301F-11D3-BF4B-00C04F79EFBC}") = "Задание 5-4", "Задание 5-4\Задание 5-4.csproj", "{F15EF836-7848-48C4-B7A6-4FC8E057B41A}"
EndProject
Project("{FAE04EC0-301F-11D3-BF4B-00C04F79EFBC}") = "Работа 5-5", "Работа 5-5\Работа 5-5.csproj", "{F9BE3A3F-A8E9-4A7D-97C7-834BF0EFF9A3}"
EndProject
Project("{FAE04EC0-301F-11D3-BF4B-00C04F79EFBC}") = "Работа 5-6", "Работа 5-6\Работа 5-6.csproj", "{0EA6F9BF-E8DC-40A2-A6DB-72295DB6CCB5}"
EndProject
Project("{FAE04EC0-301F-11D3-BF4B-00C04F79EFBC}") = "Задание 5-7", "Задание 5-7\Задание 5-7.csproj", "{0E7EF69B-1988-4CEF-BBD1-15825B4E9CDA}"
EndProject
Project("{FAE04EC0-301F-11D3-BF4B-00C04F79EFBC}") = "Задание 5-8", "Задание 5-8\Задание 5-8.csproj", "{E17EE248-A9AF-4BBD-965E-31A070A11E81}"
EndProject
Project("{FAE04EC0-301F-11D3-BF4B-00C04F79EFBC}") = "Задание 5-9", "Задание 5-9\Задание 5-9.csproj", "{47FF2847-E639-4B08-9728-510155B3F853}"
EndProject
Project("{FAE04EC0-301F-11D3-BF4B-00C04F79EFBC}") = "Задание 5-10", "Задание 5-10\Задание 5-10.csproj", "{FE052919-A977-4F73-B92C-F532BC8012EE}"
EndProject
Project("{FAE04EC0-301F-11D3-BF4B-00C04F79EFBC}") = "Задание 5-11", "Задание 5-11\Задание 5-11.csproj", "{2D7867F7-0B73-40D7-8D82-4F535C93389E}"
EndProject
Project("{FAE04EC0-301F-11D3-BF4B-00C04F79EFBC}") = "Задание 5-12", "Задание 5-12\Задание 5-12.csproj", "{C1399F7B-B858-4777-94D5-1DA227086CAA}"
EndProject
Project("{FAE04EC0-301F-11D3-BF4B-00C04F79EFBC}") = "Задание 5-13", "Задание 5-13\Задание 5-13.csproj", "{D03DD5A1-9494-49E4-A1F4-BC1058009155}"
EndProject
Project("{FAE04EC0-301F-11D3-BF4B-00C04F79EFBC}") = "Задание 5-14", "Задание 5-14\Задание 5-14.csproj", "{6A14D9F3-9C09-478D-AD66-4D2E46BD505B}"
EndProject
Project("{FAE04EC0-301F-11D3-BF4B-00C04F79EFBC}") = "Задание 5-15", "Задание 5-15\Задание 5-15.csproj", "{697D5209-EDE6-460D-A569-DD57256C98A4}"
EndProject
Project("{FAE04EC0-301F-11D3-BF4B-00C04F79EFBC}") = "Задание 5-16", "Задание 5-16\Задание 5-16.csproj", "{001F331F-F7B1-4086-9571-498A8F4B4792}"
EndProject
Project("{FAE04EC0-301F-11D3-BF4B-00C04F79EFBC}") = "Задание 5-17", "Задание 5-17\Задание 5-17.csproj", "{8CAC8811-1D68-4F40-91B6-384CAF02DE4A}"
EndProject
Project("{FAE04EC0-301F-11D3-BF4B-00C04F79EFBC}") = "Задание 5-18", "Задание 5-18\Задание 5-18.csproj", "{B9F86F72-F66F-4887-92D9-58A9A975B29A}"
EndProject
Project("{FAE04EC0-301F-11D3-BF4B-00C04F79EFBC}") = "Задание 5-19", "Задание 5-19\Задание 5-19.csproj", "{5B26D1EC-1991-491E-A4F2-5ECF833CABB8}"
EndProject
Project("{FAE04EC0-301F-11D3-BF4B-00C04F79EFBC}") = "Задание 5-20", "Задание 5-20\Задание 5-20.csproj", "{C83C9123-6D0A-494E-9D57-4827F6011A8F}"
EndProject
Project("{FAE04EC0-301F-11D3-BF4B-00C04F79EFBC}") = "Задание 5-21", "Задание 5-21\Задание 5-21.csproj", "{D1D5572E-9699-4471-8AD9-18C36C6CF51B}"
EndProject
Project("{FAE04EC0-301F-11D3-BF4B-00C04F79EFBC}") = "Задание 5-22", "Задание 5-22\Задание 5-22.csproj", "{26B0333A-0C61-4C03-A52B-2F25F9031A9E}"
EndProject
Project("{FAE04EC0-301F-11D3-BF4B-00C04F79EFBC}") = "Задание 5-23", "Задание 5-23\Задание 5-23.csproj", "{02191FA2-D6BC-49F9-9E2F-887BE22A7B03}"
EndProject
Project("{FAE04EC0-301F-11D3-BF4B-00C04F79EFBC}") = "Задание 5-24", "Задание 5-24\Задание 5-24.csproj", "{5F37BC0B-A1E5-4628-B31C-DA8A3AB987DD}"
EndProject
Project("{FAE04EC0-301F-11D3-BF4B-00C04F79EFBC}") = "Задание 5-25", "Задание 5-25\Задание 5-25.csproj", "{04F86860-7311-4FE5-A0CF-003A83F4BE90}"
EndProject
Project("{FAE04EC0-301F-11D3-BF4B-00C04F79EFBC}") = "Задание 5-26", "Задание 5-26\Задание 5-26.csproj", "{877949CB-B84E-413B-A0AB-EBC93617FD84}"
EndProject
Global
	GlobalSection(SolutionConfigurationPlatforms) = preSolution
		Debug|Any CPU = Debug|Any CPU
		Release|Any CPU = Release|Any CPU
	EndGlobalSection
	GlobalSection(ProjectConfigurationPlatforms) = postSolution
		{72E869C1-C4B3-4129-8F5E-46F82A3464B5}.Debug|Any CPU.ActiveCfg = Debug|Any CPU
		{72E869C1-C4B3-4129-8F5E-46F82A3464B5}.Debug|Any CPU.Build.0 = Debug|Any CPU
		{72E869C1-C4B3-4129-8F5E-46F82A3464B5}.Release|Any CPU.ActiveCfg = Release|Any CPU
		{72E869C1-C4B3-4129-8F5E-46F82A3464B5}.Release|Any CPU.Build.0 = Release|Any CPU
		{3F63494D-3565-4BA7-BACD-BC69CDFD0152}.Debug|Any CPU.ActiveCfg = Debug|Any CPU
		{3F63494D-3565-4BA7-BACD-BC69CDFD0152}.Debug|Any CPU.Build.0 = Debug|Any CPU
		{3F63494D-3565-4BA7-BACD-BC69CDFD0152}.Release|Any CPU.ActiveCfg = Release|Any CPU
		{3F63494D-3565-4BA7-BACD-BC69CDFD0152}.Release|Any CPU.Build.0 = Release|Any CPU
		{DCBBDDDB-9FAE-4CD6-8C90-133E71571A9D}.Debug|Any CPU.ActiveCfg = Debug|Any CPU
		{DCBBDDDB-9FAE-4CD6-8C90-133E71571A9D}.Debug|Any CPU.Build.0 = Debug|Any CPU
		{DCBBDDDB-9FAE-4CD6-8C90-133E71571A9D}.Release|Any CPU.ActiveCfg = Release|Any CPU
		{DCBBDDDB-9FAE-4CD6-8C90-133E71571A9D}.Release|Any CPU.Build.0 = Release|Any CPU
		{F15EF836-7848-48C4-B7A6-4FC8E057B41A}.Debug|Any CPU.ActiveCfg = Debug|Any CPU
		{F15EF836-7848-48C4-B7A6-4FC8E057B41A}.Debug|Any CPU.Build.0 = Debug|Any CPU
		{F15EF836-7848-48C4-B7A6-4FC8E057B41A}.Release|Any CPU.ActiveCfg = Release|Any CPU
		{F15EF836-7848-48C4-B7A6-4FC8E057B41A}.Release|Any CPU.Build.0 = Release|Any CPU
		{F9BE3A3F-A8E9-4A7D-97C7-834BF0EFF9A3}.Debug|Any CPU.ActiveCfg = Debug|Any CPU
		{F9BE3A3F-A8E9-4A7D-97C7-834BF0EFF9A3}.Debug|Any CPU.Build.0 = Debug|Any CPU
		{F9BE3A3F-A8E9-4A7D-97C7-834BF0EFF9A3}.Release|Any CPU.ActiveCfg = Release|Any CPU
		{F9BE3A3F-A8E9-4A7D-97C7-834BF0EFF9A3}.Release|Any CPU.Build.0 = Release|Any CPU
		{0EA6F9BF-E8DC-40A2-A6DB-72295DB6CCB5}.Debug|Any CPU.ActiveCfg = Debug|Any CPU
		{0EA6F9BF-E8DC-40A2-A6DB-72295DB6CCB5}.Debug|Any CPU.Build.0 = Debug|Any CPU
		{0EA6F9BF-E8DC-40A2-A6DB-72295DB6CCB5}.Release|Any CPU.ActiveCfg = Release|Any CPU
		{0EA6F9BF-E8DC-40A2-A6DB-72295DB6CCB5}.Release|Any CPU.Build.0 = Release|Any CPU
		{0E7EF69B-1988-4CEF-BBD1-15825B4E9CDA}.Debug|Any CPU.ActiveCfg = Debug|Any CPU
		{0E7EF69B-1988-4CEF-BBD1-15825B4E9CDA}.Debug|Any CPU.Build.0 = Debug|Any CPU
		{0E7EF69B-1988-4CEF-BBD1-15825B4E9CDA}.Release|Any CPU.ActiveCfg = Release|Any CPU
		{0E7EF69B-1988-4CEF-BBD1-15825B4E9CDA}.Release|Any CPU.Build.0 = Release|Any CPU
		{E17EE248-A9AF-4BBD-965E-31A070A11E81}.Debug|Any CPU.ActiveCfg = Debug|Any CPU
		{E17EE248-A9AF-4BBD-965E-31A070A11E81}.Debug|Any CPU.Build.0 = Debug|Any CPU
		{E17EE248-A9AF-4BBD-965E-31A070A11E81}.Release|Any CPU.ActiveCfg = Release|Any CPU
		{E17EE248-A9AF-4BBD-965E-31A070A11E81}.Release|Any CPU.Build.0 = Release|Any CPU
		{47FF2847-E639-4B08-9728-510155B3F853}.Debug|Any CPU.ActiveCfg = Debug|Any CPU
		{47FF2847-E639-4B08-9728-510155B3F853}.Debug|Any CPU.Build.0 = Debug|Any CPU
		{47FF2847-E639-4B08-9728-510155B3F853}.Release|Any CPU.ActiveCfg = Release|Any CPU
		{47FF2847-E639-4B08-9728-510155B3F853}.Release|Any CPU.Build.0 = Release|Any CPU
		{FE052919-A977-4F73-B92C-F532BC8012EE}.Debug|Any CPU.ActiveCfg = Debug|Any CPU
		{FE052919-A977-4F73-B92C-F532BC8012EE}.Debug|Any CPU.Build.0 = Debug|Any CPU
		{FE052919-A977-4F73-B92C-F532BC8012EE}.Release|Any CPU.ActiveCfg = Release|Any CPU
		{FE052919-A977-4F73-B92C-F532BC8012EE}.Release|Any CPU.Build.0 = Release|Any CPU
		{2D7867F7-0B73-40D7-8D82-4F535C93389E}.Debug|Any CPU.ActiveCfg = Debug|Any CPU
		{2D7867F7-0B73-40D7-8D82-4F535C93389E}.Debug|Any CPU.Build.0 = Debug|Any CPU
		{2D7867F7-0B73-40D7-8D82-4F535C93389E}.Release|Any CPU.ActiveCfg = Release|Any CPU
		{2D7867F7-0B73-40D7-8D82-4F535C93389E}.Release|Any CPU.Build.0 = Release|Any CPU
		{C1399F7B-B858-4777-94D5-1DA227086CAA}.Debug|Any CPU.ActiveCfg = Debug|Any CPU
		{C1399F7B-B858-4777-94D5-1DA227086CAA}.Debug|Any CPU.Build.0 = Debug|Any CPU
		{C1399F7B-B858-4777-94D5-1DA227086CAA}.Release|Any CPU.ActiveCfg = Release|Any CPU
		{C1399F7B-B858-4777-94D5-1DA227086CAA}.Release|Any CPU.Build.0 = Release|Any CPU
		{D03DD5A1-9494-49E4-A1F4-BC1058009155}.Debug|Any CPU.ActiveCfg = Debug|Any CPU
		{D03DD5A1-9494-49E4-A1F4-BC1058009155}.Debug|Any CPU.Build.0 = Debug|Any CPU
		{D03DD5A1-9494-49E4-A1F4-BC1058009155}.Release|Any CPU.ActiveCfg = Release|Any CPU
		{D03DD5A1-9494-49E4-A1F4-BC1058009155}.Release|Any CPU.Build.0 = Release|Any CPU
		{6A14D9F3-9C09-478D-AD66-4D2E46BD505B}.Debug|Any CPU.ActiveCfg = Debug|Any CPU
		{6A14D9F3-9C09-478D-AD66-4D2E46BD505B}.Debug|Any CPU.Build.0 = Debug|Any CPU
		{6A14D9F3-9C09-478D-AD66-4D2E46BD505B}.Release|Any CPU.ActiveCfg = Release|Any CPU
		{6A14D9F3-9C09-478D-AD66-4D2E46BD505B}.Release|Any CPU.Build.0 = Release|Any CPU
		{697D5209-EDE6-460D-A569-DD57256C98A4}.Debug|Any CPU.ActiveCfg = Debug|Any CPU
		{697D5209-EDE6-460D-A569-DD57256C98A4}.Debug|Any CPU.Build.0 = Debug|Any CPU
		{697D5209-EDE6-460D-A569-DD57256C98A4}.Release|Any CPU.ActiveCfg = Release|Any CPU
		{697D5209-EDE6-460D-A569-DD57256C98A4}.Release|Any CPU.Build.0 = Release|Any CPU
		{001F331F-F7B1-4086-9571-498A8F4B4792}.Debug|Any CPU.ActiveCfg = Debug|Any CPU
		{001F331F-F7B1-4086-9571-498A8F4B4792}.Debug|Any CPU.Build.0 = Debug|Any CPU
		{001F331F-F7B1-4086-9571-498A8F4B4792}.Release|Any CPU.ActiveCfg = Release|Any CPU
		{001F331F-F7B1-4086-9571-498A8F4B4792}.Release|Any CPU.Build.0 = Release|Any CPU
		{8CAC8811-1D68-4F40-91B6-384CAF02DE4A}.Debug|Any CPU.ActiveCfg = Debug|Any CPU
		{8CAC8811-1D68-4F40-91B6-384CAF02DE4A}.Debug|Any CPU.Build.0 = Debug|Any CPU
		{8CAC8811-1D68-4F40-91B6-384CAF02DE4A}.Release|Any CPU.ActiveCfg = Release|Any CPU
		{8CAC8811-1D68-4F40-91B6-384CAF02DE4A}.Release|Any CPU.Build.0 = Release|Any CPU
		{B9F86F72-F66F-4887-92D9-58A9A975B29A}.Debug|Any CPU.ActiveCfg = Debug|Any CPU
		{B9F86F72-F66F-4887-92D9-58A9A975B29A}.Debug|Any CPU.Build.0 = Debug|Any CPU
		{B9F86F72-F66F-4887-92D9-58A9A975B29A}.Release|Any CPU.ActiveCfg = Release|Any CPU
		{B9F86F72-F66F-4887-92D9-58A9A975B29A}.Release|Any CPU.Build.0 = Release|Any CPU
		{5B26D1EC-1991-491E-A4F2-5ECF833CABB8}.Debug|Any CPU.ActiveCfg = Debug|Any CPU
		{5B26D1EC-1991-491E-A4F2-5ECF833CABB8}.Debug|Any CPU.Build.0 = Debug|Any CPU
		{5B26D1EC-1991-491E-A4F2-5ECF833CABB8}.Release|Any CPU.ActiveCfg = Release|Any CPU
		{5B26D1EC-1991-491E-A4F2-5ECF833CABB8}.Release|Any CPU.Build.0 = Release|Any CPU
		{C83C9123-6D0A-494E-9D57-4827F6011A8F}.Debug|Any CPU.ActiveCfg = Debug|Any CPU
		{C83C9123-6D0A-494E-9D57-4827F6011A8F}.Debug|Any CPU.Build.0 = Debug|Any CPU
		{C83C9123-6D0A-494E-9D57-4827F6011A8F}.Release|Any CPU.ActiveCfg = Release|Any CPU
		{C83C9123-6D0A-494E-9D57-4827F6011A8F}.Release|Any CPU.Build.0 = Release|Any CPU
		{D1D5572E-9699-4471-8AD9-18C36C6CF51B}.Debug|Any CPU.ActiveCfg = Debug|Any CPU
		{D1D5572E-9699-4471-8AD9-18C36C6CF51B}.Debug|Any CPU.Build.0 = Debug|Any CPU
		{D1D5572E-9699-4471-8AD9-18C36C6CF51B}.Release|Any CPU.ActiveCfg = Release|Any CPU
		{D1D5572E-9699-4471-8AD9-18C36C6CF51B}.Release|Any CPU.Build.0 = Release|Any CPU
		{26B0333A-0C61-4C03-A52B-2F25F9031A9E}.Debug|Any CPU.ActiveCfg = Debug|Any CPU
		{26B0333A-0C61-4C03-A52B-2F25F9031A9E}.Debug|Any CPU.Build.0 = Debug|Any CPU
		{26B0333A-0C61-4C03-A52B-2F25F9031A9E}.Release|Any CPU.ActiveCfg = Release|Any CPU
		{26B0333A-0C61-4C03-A52B-2F25F9031A9E}.Release|Any CPU.Build.0 = Release|Any CPU
		{02191FA2-D6BC-49F9-9E2F-887BE22A7B03}.Debug|Any CPU.ActiveCfg = Debug|Any CPU
		{02191FA2-D6BC-49F9-9E2F-887BE22A7B03}.Debug|Any CPU.Build.0 = Debug|Any CPU
		{02191FA2-D6BC-49F9-9E2F-887BE22A7B03}.Release|Any CPU.ActiveCfg = Release|Any CPU
		{02191FA2-D6BC-49F9-9E2F-887BE22A7B03}.Release|Any CPU.Build.0 = Release|Any CPU
		{5F37BC0B-A1E5-4628-B31C-DA8A3AB987DD}.Debug|Any CPU.ActiveCfg = Debug|Any CPU
		{5F37BC0B-A1E5-4628-B31C-DA8A3AB987DD}.Debug|Any CPU.Build.0 = Debug|Any CPU
		{5F37BC0B-A1E5-4628-B31C-DA8A3AB987DD}.Release|Any CPU.ActiveCfg = Release|Any CPU
		{5F37BC0B-A1E5-4628-B31C-DA8A3AB987DD}.Release|Any CPU.Build.0 = Release|Any CPU
		{04F86860-7311-4FE5-A0CF-003A83F4BE90}.Debug|Any CPU.ActiveCfg = Debug|Any CPU
		{04F86860-7311-4FE5-A0CF-003A83F4BE90}.Debug|Any CPU.Build.0 = Debug|Any CPU
		{04F86860-7311-4FE5-A0CF-003A83F4BE90}.Release|Any CPU.ActiveCfg = Release|Any CPU
		{04F86860-7311-4FE5-A0CF-003A83F4BE90}.Release|Any CPU.Build.0 = Release|Any CPU
		{877949CB-B84E-413B-A0AB-EBC93617FD84}.Debug|Any CPU.ActiveCfg = Debug|Any CPU
		{877949CB-B84E-413B-A0AB-EBC93617FD84}.Debug|Any CPU.Build.0 = Debug|Any CPU
		{877949CB-B84E-413B-A0AB-EBC93617FD84}.Release|Any CPU.ActiveCfg = Release|Any CPU
		{877949CB-B84E-413B-A0AB-EBC93617FD84}.Release|Any CPU.Build.0 = Release|Any CPU
	EndGlobalSection
	GlobalSection(SolutionProperties) = preSolution
		HideSolutionNode = FALSE
	EndGlobalSection
	GlobalSection(ExtensibilityGlobals) = postSolution
		SolutionGuid = {6B501ED4-200F-4258-8991-6A1C10C79E41}
	EndGlobalSection
EndGlobal
