
Microsoft Visual Studio Solution File, Format Version 12.00
# Visual Studio 15
VisualStudioVersion = 15.0.27004.2002
MinimumVisualStudioVersion = 10.0.40219.1
Project("{FAE04EC0-301F-11D3-BF4B-00C04F79EFBC}") = "Задание 2-1", "ConsoleApp1\Задание 2-1.csproj", "{6BDA7D49-6730-47BF-A3EC-DE07297C9CC3}"
EndProject
Project("{FAE04EC0-301F-11D3-BF4B-00C04F79EFBC}") = "Задание 2-2", "Задание 2-2\Задание 2-2.csproj", "{96214C12-4527-4009-AE1D-63F761414ED6}"
EndProject
Project("{FAE04EC0-301F-11D3-BF4B-00C04F79EFBC}") = "Задание 2-3", "Задание 2-3\Задание 2-3.csproj", "{5AD83DE2-8BB6-4AE3-889E-3069FA5EB215}"
EndProject
Project("{FAE04EC0-301F-11D3-BF4B-00C04F79EFBC}") = "Задане 2-4", "Задане 2-4\Задане 2-4.csproj", "{DEA8A471-E6C5-4391-8117-E2E4CFBF83FB}"
EndProject
Project("{FAE04EC0-301F-11D3-BF4B-00C04F79EFBC}") = "Задание 2-5", "Задание 2-5\Задание 2-5.csproj", "{83BED068-D01D-4D5F-B75F-AAE47D4FE94F}"
EndProject
Project("{FAE04EC0-301F-11D3-BF4B-00C04F79EFBC}") = "Задание 2-6", "Задание 2-6\Задание 2-6.csproj", "{9694D536-431A-4DB2-9AAF-A07D46B01949}"
EndProject
Project("{FAE04EC0-301F-11D3-BF4B-00C04F79EFBC}") = "Задание 2-7", "Задание 2-7\Задание 2-7.csproj", "{53BACE25-F7F5-4BE9-BD51-14A2F0A83888}"
EndProject
Project("{FAE04EC0-301F-11D3-BF4B-00C04F79EFBC}") = "Задание 2-8", "Задание 2-8\Задание 2-8.csproj", "{8B590285-4819-486C-96C0-71575FDA477D}"
EndProject
Project("{FAE04EC0-301F-11D3-BF4B-00C04F79EFBC}") = "Задание 2-9", "Задание 2-9\Задание 2-9.csproj", "{C0A064E3-7C5B-43B8-9F00-DBC7E67D7272}"
EndProject
Project("{FAE04EC0-301F-11D3-BF4B-00C04F79EFBC}") = "Задание 2-10", "Задание 2-10\Задание 2-10.csproj", "{DA37DD92-D924-474E-9A4F-78D91FECD9A1}"
EndProject
Project("{FAE04EC0-301F-11D3-BF4B-00C04F79EFBC}") = "Задание 2-11", "Задание 2-11\Задание 2-11.csproj", "{FCDDB747-0577-48A8-B4FC-4FB38AE1897D}"
EndProject
Project("{FAE04EC0-301F-11D3-BF4B-00C04F79EFBC}") = "Задание 2-12", "Задание 2-12\Задание 2-12.csproj", "{EE81C256-C4BE-479E-BE62-3D85CB3B23AD}"
EndProject
Project("{FAE04EC0-301F-11D3-BF4B-00C04F79EFBC}") = "Задание 2-13", "Задание 2-13\Задание 2-13.csproj", "{6F7A52E2-AEC8-4A15-8E02-FC11F7F11FBB}"
EndProject
Project("{FAE04EC0-301F-11D3-BF4B-00C04F79EFBC}") = "Задание 2-14", "Задание 2-14\Задание 2-14.csproj", "{40E5B7A6-DE8A-4940-9861-19B55A6A8F15}"
EndProject
Project("{FAE04EC0-301F-11D3-BF4B-00C04F79EFBC}") = "Задание 2-15", "Задание 2-15\Задание 2-15.csproj", "{51BC1E4D-065B-461E-90FC-544AFA8CC576}"
EndProject
Project("{FAE04EC0-301F-11D3-BF4B-00C04F79EFBC}") = "Задание 2-16", "Задание 2-16\Задание 2-16.csproj", "{6DFBD22F-B679-4CCE-A251-34FEF93CE879}"
EndProject
Project("{FAE04EC0-301F-11D3-BF4B-00C04F79EFBC}") = "Задание 2-17", "Задание 2-17\Задание 2-17.csproj", "{7CF4CC84-4B31-4F04-85C6-8A1CC0F6181B}"
EndProject
Project("{FAE04EC0-301F-11D3-BF4B-00C04F79EFBC}") = "Задание 2-18", "Задание 2-18\Задание 2-18.csproj", "{678C1256-6052-46A3-92D0-D14321E6D296}"
EndProject
Project("{FAE04EC0-301F-11D3-BF4B-00C04F79EFBC}") = "Задание 2-19", "Задание 2-19\Задание 2-19.csproj", "{1C8D31E1-71C5-467B-914F-45DF73AD5E65}"
EndProject
Project("{FAE04EC0-301F-11D3-BF4B-00C04F79EFBC}") = "Задание 2-20", "Задание 2-20\Задание 2-20.csproj", "{E02DFF2F-4ED0-4981-AF80-5E2C87DFAEF3}"
EndProject
Global
	GlobalSection(SolutionConfigurationPlatforms) = preSolution
		Debug|Any CPU = Debug|Any CPU
		Release|Any CPU = Release|Any CPU
	EndGlobalSection
	GlobalSection(ProjectConfigurationPlatforms) = postSolution
		{6BDA7D49-6730-47BF-A3EC-DE07297C9CC3}.Debug|Any CPU.ActiveCfg = Debug|Any CPU
		{6BDA7D49-6730-47BF-A3EC-DE07297C9CC3}.Debug|Any CPU.Build.0 = Debug|Any CPU
		{6BDA7D49-6730-47BF-A3EC-DE07297C9CC3}.Release|Any CPU.ActiveCfg = Release|Any CPU
		{6BDA7D49-6730-47BF-A3EC-DE07297C9CC3}.Release|Any CPU.Build.0 = Release|Any CPU
		{96214C12-4527-4009-AE1D-63F761414ED6}.Debug|Any CPU.ActiveCfg = Debug|Any CPU
		{96214C12-4527-4009-AE1D-63F761414ED6}.Debug|Any CPU.Build.0 = Debug|Any CPU
		{96214C12-4527-4009-AE1D-63F761414ED6}.Release|Any CPU.ActiveCfg = Release|Any CPU
		{96214C12-4527-4009-AE1D-63F761414ED6}.Release|Any CPU.Build.0 = Release|Any CPU
		{5AD83DE2-8BB6-4AE3-889E-3069FA5EB215}.Debug|Any CPU.ActiveCfg = Debug|Any CPU
		{5AD83DE2-8BB6-4AE3-889E-3069FA5EB215}.Debug|Any CPU.Build.0 = Debug|Any CPU
		{5AD83DE2-8BB6-4AE3-889E-3069FA5EB215}.Release|Any CPU.ActiveCfg = Release|Any CPU
		{5AD83DE2-8BB6-4AE3-889E-3069FA5EB215}.Release|Any CPU.Build.0 = Release|Any CPU
		{DEA8A471-E6C5-4391-8117-E2E4CFBF83FB}.Debug|Any CPU.ActiveCfg = Debug|Any CPU
		{DEA8A471-E6C5-4391-8117-E2E4CFBF83FB}.Debug|Any CPU.Build.0 = Debug|Any CPU
		{DEA8A471-E6C5-4391-8117-E2E4CFBF83FB}.Release|Any CPU.ActiveCfg = Release|Any CPU
		{DEA8A471-E6C5-4391-8117-E2E4CFBF83FB}.Release|Any CPU.Build.0 = Release|Any CPU
		{83BED068-D01D-4D5F-B75F-AAE47D4FE94F}.Debug|Any CPU.ActiveCfg = Debug|Any CPU
		{83BED068-D01D-4D5F-B75F-AAE47D4FE94F}.Debug|Any CPU.Build.0 = Debug|Any CPU
		{83BED068-D01D-4D5F-B75F-AAE47D4FE94F}.Release|Any CPU.ActiveCfg = Release|Any CPU
		{83BED068-D01D-4D5F-B75F-AAE47D4FE94F}.Release|Any CPU.Build.0 = Release|Any CPU
		{9694D536-431A-4DB2-9AAF-A07D46B01949}.Debug|Any CPU.ActiveCfg = Debug|Any CPU
		{9694D536-431A-4DB2-9AAF-A07D46B01949}.Debug|Any CPU.Build.0 = Debug|Any CPU
		{9694D536-431A-4DB2-9AAF-A07D46B01949}.Release|Any CPU.ActiveCfg = Release|Any CPU
		{9694D536-431A-4DB2-9AAF-A07D46B01949}.Release|Any CPU.Build.0 = Release|Any CPU
		{53BACE25-F7F5-4BE9-BD51-14A2F0A83888}.Debug|Any CPU.ActiveCfg = Debug|Any CPU
		{53BACE25-F7F5-4BE9-BD51-14A2F0A83888}.Debug|Any CPU.Build.0 = Debug|Any CPU
		{53BACE25-F7F5-4BE9-BD51-14A2F0A83888}.Release|Any CPU.ActiveCfg = Release|Any CPU
		{53BACE25-F7F5-4BE9-BD51-14A2F0A83888}.Release|Any CPU.Build.0 = Release|Any CPU
		{8B590285-4819-486C-96C0-71575FDA477D}.Debug|Any CPU.ActiveCfg = Debug|Any CPU
		{8B590285-4819-486C-96C0-71575FDA477D}.Debug|Any CPU.Build.0 = Debug|Any CPU
		{8B590285-4819-486C-96C0-71575FDA477D}.Release|Any CPU.ActiveCfg = Release|Any CPU
		{8B590285-4819-486C-96C0-71575FDA477D}.Release|Any CPU.Build.0 = Release|Any CPU
		{C0A064E3-7C5B-43B8-9F00-DBC7E67D7272}.Debug|Any CPU.ActiveCfg = Debug|Any CPU
		{C0A064E3-7C5B-43B8-9F00-DBC7E67D7272}.Debug|Any CPU.Build.0 = Debug|Any CPU
		{C0A064E3-7C5B-43B8-9F00-DBC7E67D7272}.Release|Any CPU.ActiveCfg = Release|Any CPU
		{C0A064E3-7C5B-43B8-9F00-DBC7E67D7272}.Release|Any CPU.Build.0 = Release|Any CPU
		{DA37DD92-D924-474E-9A4F-78D91FECD9A1}.Debug|Any CPU.ActiveCfg = Debug|Any CPU
		{DA37DD92-D924-474E-9A4F-78D91FECD9A1}.Debug|Any CPU.Build.0 = Debug|Any CPU
		{DA37DD92-D924-474E-9A4F-78D91FECD9A1}.Release|Any CPU.ActiveCfg = Release|Any CPU
		{DA37DD92-D924-474E-9A4F-78D91FECD9A1}.Release|Any CPU.Build.0 = Release|Any CPU
		{FCDDB747-0577-48A8-B4FC-4FB38AE1897D}.Debug|Any CPU.ActiveCfg = Debug|Any CPU
		{FCDDB747-0577-48A8-B4FC-4FB38AE1897D}.Debug|Any CPU.Build.0 = Debug|Any CPU
		{FCDDB747-0577-48A8-B4FC-4FB38AE1897D}.Release|Any CPU.ActiveCfg = Release|Any CPU
		{FCDDB747-0577-48A8-B4FC-4FB38AE1897D}.Release|Any CPU.Build.0 = Release|Any CPU
		{EE81C256-C4BE-479E-BE62-3D85CB3B23AD}.Debug|Any CPU.ActiveCfg = Debug|Any CPU
		{EE81C256-C4BE-479E-BE62-3D85CB3B23AD}.Debug|Any CPU.Build.0 = Debug|Any CPU
		{EE81C256-C4BE-479E-BE62-3D85CB3B23AD}.Release|Any CPU.ActiveCfg = Release|Any CPU
		{EE81C256-C4BE-479E-BE62-3D85CB3B23AD}.Release|Any CPU.Build.0 = Release|Any CPU
		{6F7A52E2-AEC8-4A15-8E02-FC11F7F11FBB}.Debug|Any CPU.ActiveCfg = Debug|Any CPU
		{6F7A52E2-AEC8-4A15-8E02-FC11F7F11FBB}.Debug|Any CPU.Build.0 = Debug|Any CPU
		{6F7A52E2-AEC8-4A15-8E02-FC11F7F11FBB}.Release|Any CPU.ActiveCfg = Release|Any CPU
		{6F7A52E2-AEC8-4A15-8E02-FC11F7F11FBB}.Release|Any CPU.Build.0 = Release|Any CPU
		{40E5B7A6-DE8A-4940-9861-19B55A6A8F15}.Debug|Any CPU.ActiveCfg = Debug|Any CPU
		{40E5B7A6-DE8A-4940-9861-19B55A6A8F15}.Debug|Any CPU.Build.0 = Debug|Any CPU
		{40E5B7A6-DE8A-4940-9861-19B55A6A8F15}.Release|Any CPU.ActiveCfg = Release|Any CPU
		{40E5B7A6-DE8A-4940-9861-19B55A6A8F15}.Release|Any CPU.Build.0 = Release|Any CPU
		{51BC1E4D-065B-461E-90FC-544AFA8CC576}.Debug|Any CPU.ActiveCfg = Debug|Any CPU
		{51BC1E4D-065B-461E-90FC-544AFA8CC576}.Debug|Any CPU.Build.0 = Debug|Any CPU
		{51BC1E4D-065B-461E-90FC-544AFA8CC576}.Release|Any CPU.ActiveCfg = Release|Any CPU
		{51BC1E4D-065B-461E-90FC-544AFA8CC576}.Release|Any CPU.Build.0 = Release|Any CPU
		{6DFBD22F-B679-4CCE-A251-34FEF93CE879}.Debug|Any CPU.ActiveCfg = Debug|Any CPU
		{6DFBD22F-B679-4CCE-A251-34FEF93CE879}.Debug|Any CPU.Build.0 = Debug|Any CPU
		{6DFBD22F-B679-4CCE-A251-34FEF93CE879}.Release|Any CPU.ActiveCfg = Release|Any CPU
		{6DFBD22F-B679-4CCE-A251-34FEF93CE879}.Release|Any CPU.Build.0 = Release|Any CPU
		{7CF4CC84-4B31-4F04-85C6-8A1CC0F6181B}.Debug|Any CPU.ActiveCfg = Debug|Any CPU
		{7CF4CC84-4B31-4F04-85C6-8A1CC0F6181B}.Debug|Any CPU.Build.0 = Debug|Any CPU
		{7CF4CC84-4B31-4F04-85C6-8A1CC0F6181B}.Release|Any CPU.ActiveCfg = Release|Any CPU
		{7CF4CC84-4B31-4F04-85C6-8A1CC0F6181B}.Release|Any CPU.Build.0 = Release|Any CPU
		{678C1256-6052-46A3-92D0-D14321E6D296}.Debug|Any CPU.ActiveCfg = Debug|Any CPU
		{678C1256-6052-46A3-92D0-D14321E6D296}.Debug|Any CPU.Build.0 = Debug|Any CPU
		{678C1256-6052-46A3-92D0-D14321E6D296}.Release|Any CPU.ActiveCfg = Release|Any CPU
		{678C1256-6052-46A3-92D0-D14321E6D296}.Release|Any CPU.Build.0 = Release|Any CPU
		{1C8D31E1-71C5-467B-914F-45DF73AD5E65}.Debug|Any CPU.ActiveCfg = Debug|Any CPU
		{1C8D31E1-71C5-467B-914F-45DF73AD5E65}.Debug|Any CPU.Build.0 = Debug|Any CPU
		{1C8D31E1-71C5-467B-914F-45DF73AD5E65}.Release|Any CPU.ActiveCfg = Release|Any CPU
		{1C8D31E1-71C5-467B-914F-45DF73AD5E65}.Release|Any CPU.Build.0 = Release|Any CPU
		{E02DFF2F-4ED0-4981-AF80-5E2C87DFAEF3}.Debug|Any CPU.ActiveCfg = Debug|Any CPU
		{E02DFF2F-4ED0-4981-AF80-5E2C87DFAEF3}.Debug|Any CPU.Build.0 = Debug|Any CPU
		{E02DFF2F-4ED0-4981-AF80-5E2C87DFAEF3}.Release|Any CPU.ActiveCfg = Release|Any CPU
		{E02DFF2F-4ED0-4981-AF80-5E2C87DFAEF3}.Release|Any CPU.Build.0 = Release|Any CPU
	EndGlobalSection
	GlobalSection(SolutionProperties) = preSolution
		HideSolutionNode = FALSE
	EndGlobalSection
	GlobalSection(ExtensibilityGlobals) = postSolution
		SolutionGuid = {94E6DD9E-D266-4EFB-8FD4-F33AE955DD3B}
	EndGlobalSection
EndGlobal
