
Microsoft Visual Studio Solution File, Format Version 12.00
# Visual Studio 15
VisualStudioVersion = 15.0.27004.2002
MinimumVisualStudioVersion = 10.0.40219.1
Project("{FAE04EC0-301F-11D3-BF4B-00C04F79EFBC}") = "Лабораторная 9-1", "Лабораторная 9\Лабораторная 9-1.csproj", "{3A1EB8C8-DF54-4B8F-A10E-470EFF805639}"
EndProject
Project("{FAE04EC0-301F-11D3-BF4B-00C04F79EFBC}") = "Задание 9-1", "Задание 9-1\Задание 9-1.csproj", "{9B6D87AA-BF80-4531-87E2-23CE70E60C84}"
EndProject
Global
	GlobalSection(SolutionConfigurationPlatforms) = preSolution
		Debug|Any CPU = Debug|Any CPU
		Release|Any CPU = Release|Any CPU
	EndGlobalSection
	GlobalSection(ProjectConfigurationPlatforms) = postSolution
		{3A1EB8C8-DF54-4B8F-A10E-470EFF805639}.Debug|Any CPU.ActiveCfg = Debug|Any CPU
		{3A1EB8C8-DF54-4B8F-A10E-470EFF805639}.Debug|Any CPU.Build.0 = Debug|Any CPU
		{3A1EB8C8-DF54-4B8F-A10E-470EFF805639}.Release|Any CPU.ActiveCfg = Release|Any CPU
		{3A1EB8C8-DF54-4B8F-A10E-470EFF805639}.Release|Any CPU.Build.0 = Release|Any CPU
		{9B6D87AA-BF80-4531-87E2-23CE70E60C84}.Debug|Any CPU.ActiveCfg = Debug|Any CPU
		{9B6D87AA-BF80-4531-87E2-23CE70E60C84}.Debug|Any CPU.Build.0 = Debug|Any CPU
		{9B6D87AA-BF80-4531-87E2-23CE70E60C84}.Release|Any CPU.ActiveCfg = Release|Any CPU
		{9B6D87AA-BF80-4531-87E2-23CE70E60C84}.Release|Any CPU.Build.0 = Release|Any CPU
	EndGlobalSection
	GlobalSection(SolutionProperties) = preSolution
		HideSolutionNode = FALSE
	EndGlobalSection
	GlobalSection(ExtensibilityGlobals) = postSolution
		SolutionGuid = {F2FA7E4D-5267-479B-A8A8-94B267D2F0AE}
	EndGlobalSection
EndGlobal
