
Microsoft Visual Studio Solution File, Format Version 12.00
# Visual Studio 14
VisualStudioVersion = 14.0.25420.1
MinimumVisualStudioVersion = 10.0.40219.1
Project("{FAE04EC0-301F-11D3-BF4B-00C04F79EFBC}") = "Задание 9-1", "Задание 9-1\Задание 9-1.csproj", "{9B6D87AA-BF80-4531-87E2-23CE70E60C84}"
EndProject
Project("{FAE04EC0-301F-11D3-BF4B-00C04F79EFBC}") = "Задание 9-2", "Задание 9-2\Задание 9-2.csproj", "{1B2299E3-8B76-4DAD-811F-5BCE250C140F}"
EndProject
Project("{FAE04EC0-301F-11D3-BF4B-00C04F79EFBC}") = "proba", "Задание 9-3\proba.csproj", "{5C1D760F-8A4A-443A-97F0-C0922FF332BA}"
EndProject
Project("{FAE04EC0-301F-11D3-BF4B-00C04F79EFBC}") = "Задание 9--3", "Задание 9--3\Задание 9--3.csproj", "{FA0FF8C5-AB7E-49B6-8681-D6C1A3545C14}"
EndProject
Project("{FAE04EC0-301F-11D3-BF4B-00C04F79EFBC}") = "Задание 9-4", "Задание 9-4\Задание 9-4.csproj", "{2200D407-D61C-43A2-9C29-06695DF5F1BC}"
EndProject
Project("{FAE04EC0-301F-11D3-BF4B-00C04F79EFBC}") = "Задание 9-5", "Задание 9-5\Задание 9-5.csproj", "{BCD902B0-DBE9-4559-96E5-85FAB0D58E60}"
EndProject
Project("{FAE04EC0-301F-11D3-BF4B-00C04F79EFBC}") = "Задание 9-6", "Задание 9-6\Задание 9-6.csproj", "{68440BA0-A30A-4E92-8E2A-EC54E424DF95}"
EndProject
Project("{FAE04EC0-301F-11D3-BF4B-00C04F79EFBC}") = "Задание 9-7", "Задание 9-7\Задание 9-7.csproj", "{AAA43F69-E60A-4B6D-8F64-E34E8388B683}"
EndProject
Project("{FAE04EC0-301F-11D3-BF4B-00C04F79EFBC}") = "Задание 9-8", "Задание 9-8\Задание 9-8.csproj", "{88AE45B8-1962-4D1C-A07B-5D82E49DB50F}"
EndProject
Project("{FAE04EC0-301F-11D3-BF4B-00C04F79EFBC}") = "Задание 9-9", "Задание 9-9\Задание 9-9.csproj", "{54BC2605-5079-43EB-BC49-7DF88D97B264}"
EndProject
Project("{FAE04EC0-301F-11D3-BF4B-00C04F79EFBC}") = "Задание 9-10", "Задание 9-10\Задание 9-10.csproj", "{BD4E8E0B-F07F-4AB8-9777-6E6401DABDC4}"
EndProject
Project("{FAE04EC0-301F-11D3-BF4B-00C04F79EFBC}") = "Задание 9-11", "Задание 9-11\Задание 9-11.csproj", "{FFA92CC7-A41D-4D35-9CC8-1ABA8E65F6C4}"
EndProject
Project("{FAE04EC0-301F-11D3-BF4B-00C04F79EFBC}") = "Задание 9-12", "Задание 9-12\Задание 9-12.csproj", "{9685F347-70C8-4AAC-A5E6-1CBB8C83D8E6}"
EndProject
Project("{FAE04EC0-301F-11D3-BF4B-00C04F79EFBC}") = "Задание 9-13", "Задание 9-13\Задание 9-13.csproj", "{DA130A39-B013-4D7C-82C9-18ACAE976E7A}"
EndProject
Project("{FAE04EC0-301F-11D3-BF4B-00C04F79EFBC}") = "Задание 9-14", "Задание 9-14\Задание 9-14.csproj", "{28B94437-3034-4A43-85D1-1B522918951F}"
EndProject
Project("{FAE04EC0-301F-11D3-BF4B-00C04F79EFBC}") = "Задание 9-15", "Задание 9-15\Задание 9-15.csproj", "{6EB96B73-E3D3-477D-95BF-A87FADFBE65F}"
EndProject
Global
	GlobalSection(SolutionConfigurationPlatforms) = preSolution
		Debug|Any CPU = Debug|Any CPU
		Release|Any CPU = Release|Any CPU
	EndGlobalSection
	GlobalSection(ProjectConfigurationPlatforms) = postSolution
		{9B6D87AA-BF80-4531-87E2-23CE70E60C84}.Debug|Any CPU.ActiveCfg = Debug|Any CPU
		{9B6D87AA-BF80-4531-87E2-23CE70E60C84}.Debug|Any CPU.Build.0 = Debug|Any CPU
		{9B6D87AA-BF80-4531-87E2-23CE70E60C84}.Release|Any CPU.ActiveCfg = Release|Any CPU
		{9B6D87AA-BF80-4531-87E2-23CE70E60C84}.Release|Any CPU.Build.0 = Release|Any CPU
		{1B2299E3-8B76-4DAD-811F-5BCE250C140F}.Debug|Any CPU.ActiveCfg = Debug|Any CPU
		{1B2299E3-8B76-4DAD-811F-5BCE250C140F}.Debug|Any CPU.Build.0 = Debug|Any CPU
		{1B2299E3-8B76-4DAD-811F-5BCE250C140F}.Release|Any CPU.ActiveCfg = Release|Any CPU
		{1B2299E3-8B76-4DAD-811F-5BCE250C140F}.Release|Any CPU.Build.0 = Release|Any CPU
		{5C1D760F-8A4A-443A-97F0-C0922FF332BA}.Debug|Any CPU.ActiveCfg = Debug|Any CPU
		{5C1D760F-8A4A-443A-97F0-C0922FF332BA}.Debug|Any CPU.Build.0 = Debug|Any CPU
		{5C1D760F-8A4A-443A-97F0-C0922FF332BA}.Release|Any CPU.ActiveCfg = Release|Any CPU
		{5C1D760F-8A4A-443A-97F0-C0922FF332BA}.Release|Any CPU.Build.0 = Release|Any CPU
		{FA0FF8C5-AB7E-49B6-8681-D6C1A3545C14}.Debug|Any CPU.ActiveCfg = Debug|Any CPU
		{FA0FF8C5-AB7E-49B6-8681-D6C1A3545C14}.Debug|Any CPU.Build.0 = Debug|Any CPU
		{FA0FF8C5-AB7E-49B6-8681-D6C1A3545C14}.Release|Any CPU.ActiveCfg = Release|Any CPU
		{FA0FF8C5-AB7E-49B6-8681-D6C1A3545C14}.Release|Any CPU.Build.0 = Release|Any CPU
		{2200D407-D61C-43A2-9C29-06695DF5F1BC}.Debug|Any CPU.ActiveCfg = Debug|Any CPU
		{2200D407-D61C-43A2-9C29-06695DF5F1BC}.Debug|Any CPU.Build.0 = Debug|Any CPU
		{2200D407-D61C-43A2-9C29-06695DF5F1BC}.Release|Any CPU.ActiveCfg = Release|Any CPU
		{2200D407-D61C-43A2-9C29-06695DF5F1BC}.Release|Any CPU.Build.0 = Release|Any CPU
		{BCD902B0-DBE9-4559-96E5-85FAB0D58E60}.Debug|Any CPU.ActiveCfg = Debug|Any CPU
		{BCD902B0-DBE9-4559-96E5-85FAB0D58E60}.Debug|Any CPU.Build.0 = Debug|Any CPU
		{BCD902B0-DBE9-4559-96E5-85FAB0D58E60}.Release|Any CPU.ActiveCfg = Release|Any CPU
		{BCD902B0-DBE9-4559-96E5-85FAB0D58E60}.Release|Any CPU.Build.0 = Release|Any CPU
		{68440BA0-A30A-4E92-8E2A-EC54E424DF95}.Debug|Any CPU.ActiveCfg = Debug|Any CPU
		{68440BA0-A30A-4E92-8E2A-EC54E424DF95}.Debug|Any CPU.Build.0 = Debug|Any CPU
		{68440BA0-A30A-4E92-8E2A-EC54E424DF95}.Release|Any CPU.ActiveCfg = Release|Any CPU
		{68440BA0-A30A-4E92-8E2A-EC54E424DF95}.Release|Any CPU.Build.0 = Release|Any CPU
		{AAA43F69-E60A-4B6D-8F64-E34E8388B683}.Debug|Any CPU.ActiveCfg = Debug|Any CPU
		{AAA43F69-E60A-4B6D-8F64-E34E8388B683}.Debug|Any CPU.Build.0 = Debug|Any CPU
		{AAA43F69-E60A-4B6D-8F64-E34E8388B683}.Release|Any CPU.ActiveCfg = Release|Any CPU
		{AAA43F69-E60A-4B6D-8F64-E34E8388B683}.Release|Any CPU.Build.0 = Release|Any CPU
		{88AE45B8-1962-4D1C-A07B-5D82E49DB50F}.Debug|Any CPU.ActiveCfg = Debug|Any CPU
		{88AE45B8-1962-4D1C-A07B-5D82E49DB50F}.Debug|Any CPU.Build.0 = Debug|Any CPU
		{88AE45B8-1962-4D1C-A07B-5D82E49DB50F}.Release|Any CPU.ActiveCfg = Release|Any CPU
		{88AE45B8-1962-4D1C-A07B-5D82E49DB50F}.Release|Any CPU.Build.0 = Release|Any CPU
		{54BC2605-5079-43EB-BC49-7DF88D97B264}.Debug|Any CPU.ActiveCfg = Debug|Any CPU
		{54BC2605-5079-43EB-BC49-7DF88D97B264}.Debug|Any CPU.Build.0 = Debug|Any CPU
		{54BC2605-5079-43EB-BC49-7DF88D97B264}.Release|Any CPU.ActiveCfg = Release|Any CPU
		{54BC2605-5079-43EB-BC49-7DF88D97B264}.Release|Any CPU.Build.0 = Release|Any CPU
		{BD4E8E0B-F07F-4AB8-9777-6E6401DABDC4}.Debug|Any CPU.ActiveCfg = Debug|Any CPU
		{BD4E8E0B-F07F-4AB8-9777-6E6401DABDC4}.Debug|Any CPU.Build.0 = Debug|Any CPU
		{BD4E8E0B-F07F-4AB8-9777-6E6401DABDC4}.Release|Any CPU.ActiveCfg = Release|Any CPU
		{BD4E8E0B-F07F-4AB8-9777-6E6401DABDC4}.Release|Any CPU.Build.0 = Release|Any CPU
		{FFA92CC7-A41D-4D35-9CC8-1ABA8E65F6C4}.Debug|Any CPU.ActiveCfg = Debug|Any CPU
		{FFA92CC7-A41D-4D35-9CC8-1ABA8E65F6C4}.Debug|Any CPU.Build.0 = Debug|Any CPU
		{FFA92CC7-A41D-4D35-9CC8-1ABA8E65F6C4}.Release|Any CPU.ActiveCfg = Release|Any CPU
		{FFA92CC7-A41D-4D35-9CC8-1ABA8E65F6C4}.Release|Any CPU.Build.0 = Release|Any CPU
		{9685F347-70C8-4AAC-A5E6-1CBB8C83D8E6}.Debug|Any CPU.ActiveCfg = Debug|Any CPU
		{9685F347-70C8-4AAC-A5E6-1CBB8C83D8E6}.Debug|Any CPU.Build.0 = Debug|Any CPU
		{9685F347-70C8-4AAC-A5E6-1CBB8C83D8E6}.Release|Any CPU.ActiveCfg = Release|Any CPU
		{9685F347-70C8-4AAC-A5E6-1CBB8C83D8E6}.Release|Any CPU.Build.0 = Release|Any CPU
		{DA130A39-B013-4D7C-82C9-18ACAE976E7A}.Debug|Any CPU.ActiveCfg = Debug|Any CPU
		{DA130A39-B013-4D7C-82C9-18ACAE976E7A}.Debug|Any CPU.Build.0 = Debug|Any CPU
		{DA130A39-B013-4D7C-82C9-18ACAE976E7A}.Release|Any CPU.ActiveCfg = Release|Any CPU
		{DA130A39-B013-4D7C-82C9-18ACAE976E7A}.Release|Any CPU.Build.0 = Release|Any CPU
		{28B94437-3034-4A43-85D1-1B522918951F}.Debug|Any CPU.ActiveCfg = Debug|Any CPU
		{28B94437-3034-4A43-85D1-1B522918951F}.Debug|Any CPU.Build.0 = Debug|Any CPU
		{28B94437-3034-4A43-85D1-1B522918951F}.Release|Any CPU.ActiveCfg = Release|Any CPU
		{28B94437-3034-4A43-85D1-1B522918951F}.Release|Any CPU.Build.0 = Release|Any CPU
		{6EB96B73-E3D3-477D-95BF-A87FADFBE65F}.Debug|Any CPU.ActiveCfg = Debug|Any CPU
		{6EB96B73-E3D3-477D-95BF-A87FADFBE65F}.Debug|Any CPU.Build.0 = Debug|Any CPU
		{6EB96B73-E3D3-477D-95BF-A87FADFBE65F}.Release|Any CPU.ActiveCfg = Release|Any CPU
		{6EB96B73-E3D3-477D-95BF-A87FADFBE65F}.Release|Any CPU.Build.0 = Release|Any CPU
	EndGlobalSection
	GlobalSection(SolutionProperties) = preSolution
		HideSolutionNode = FALSE
	EndGlobalSection
	GlobalSection(ExtensibilityGlobals) = postSolution
		SolutionGuid = {F2FA7E4D-5267-479B-A8A8-94B267D2F0AE}
	EndGlobalSection
EndGlobal
