
Microsoft Visual Studio Solution File, Format Version 12.00
# Visual Studio 15
VisualStudioVersion = 15.0.27004.2002
MinimumVisualStudioVersion = 10.0.40219.1
Project("{FAE04EC0-301F-11D3-BF4B-00C04F79EFBC}") = "Задание1", "Задание1\Задание1.csproj", "{F88A1EEB-470B-41BF-BD98-F784E405A2E6}"
EndProject
Global
	GlobalSection(SolutionConfigurationPlatforms) = preSolution
		Debug|Any CPU = Debug|Any CPU
		Release|Any CPU = Release|Any CPU
	EndGlobalSection
	GlobalSection(ProjectConfigurationPlatforms) = postSolution
		{F88A1EEB-470B-41BF-BD98-F784E405A2E6}.Debug|Any CPU.ActiveCfg = Debug|Any CPU
		{F88A1EEB-470B-41BF-BD98-F784E405A2E6}.Debug|Any CPU.Build.0 = Debug|Any CPU
		{F88A1EEB-470B-41BF-BD98-F784E405A2E6}.Release|Any CPU.ActiveCfg = Release|Any CPU
		{F88A1EEB-470B-41BF-BD98-F784E405A2E6}.Release|Any CPU.Build.0 = Release|Any CPU
	EndGlobalSection
	GlobalSection(SolutionProperties) = preSolution
		HideSolutionNode = FALSE
	EndGlobalSection
	GlobalSection(ExtensibilityGlobals) = postSolution
		SolutionGuid = {7041FD4E-442C-414F-9378-21962EFB1156}
	EndGlobalSection
EndGlobal
