
Microsoft Visual Studio Solution File, Format Version 12.00
# Visual Studio 15
VisualStudioVersion = 15.0.27004.2002
MinimumVisualStudioVersion = 10.0.40219.1
Project("{FAE04EC0-301F-11D3-BF4B-00C04F79EFBC}") = "задание 1", "задание 1\задание 1.csproj", "{51CD6A89-6B38-48B7-8BED-DCBD5CF6DC29}"
EndProject
Project("{FAE04EC0-301F-11D3-BF4B-00C04F79EFBC}") = "задание2", "задание2\задание2.csproj", "{8070FF0D-7C06-44D0-A58C-AE846AC3B3CF}"
EndProject
Project("{FAE04EC0-301F-11D3-BF4B-00C04F79EFBC}") = "Задание3", "Задание3\Задание3.csproj", "{9FE5D893-9DF9-4515-B9FC-37332B72074E}"
EndProject
Project("{FAE04EC0-301F-11D3-BF4B-00C04F79EFBC}") = "задание 4", "задание 4\задание 4.csproj", "{DF9E9B2A-20D0-4AA8-9BF5-1D440E614D2C}"
EndProject
Project("{FAE04EC0-301F-11D3-BF4B-00C04F79EFBC}") = "Задание 5", "Задание 5\Задание 5.csproj", "{D673D76A-EAE3-4778-9392-930290AD1B1E}"
EndProject
Project("{FAE04EC0-301F-11D3-BF4B-00C04F79EFBC}") = "задание 6", "задание 6\задание 6.csproj", "{4B16B65C-F2D4-4A80-B98F-93FD5822A0C1}"
EndProject
Project("{FAE04EC0-301F-11D3-BF4B-00C04F79EFBC}") = "Задание 7", "Задание 7\Задание 7.csproj", "{EE986CFA-77F6-4D40-AA23-6B21A53414D1}"
EndProject
Project("{FAE04EC0-301F-11D3-BF4B-00C04F79EFBC}") = "Задание 8", "Задание 8\Задание 8.csproj", "{8D9550C3-6644-4CF2-A7C0-E42E32E95168}"
EndProject
Project("{FAE04EC0-301F-11D3-BF4B-00C04F79EFBC}") = "задание 9", "задание 9\задание 9.csproj", "{2711724C-166C-4FC3-8868-18A85FA4500A}"
EndProject
Project("{FAE04EC0-301F-11D3-BF4B-00C04F79EFBC}") = "Задание 10", "Задание 10\Задание 10.csproj", "{DD236086-E92B-4DAC-B928-8BB8311AF2BD}"
EndProject
Project("{FAE04EC0-301F-11D3-BF4B-00C04F79EFBC}") = "Задание 11", "Задание 11\Задание 11.csproj", "{5D499422-D023-4DD4-96E7-8E1AE53B7624}"
EndProject
Project("{FAE04EC0-301F-11D3-BF4B-00C04F79EFBC}") = "Задание 12", "Задание 12\Задание 12.csproj", "{CAD6471F-3D8A-470B-BF4C-17A587D9261E}"
EndProject
Global
	GlobalSection(SolutionConfigurationPlatforms) = preSolution
		Debug|Any CPU = Debug|Any CPU
		Release|Any CPU = Release|Any CPU
	EndGlobalSection
	GlobalSection(ProjectConfigurationPlatforms) = postSolution
		{51CD6A89-6B38-48B7-8BED-DCBD5CF6DC29}.Debug|Any CPU.ActiveCfg = Debug|Any CPU
		{51CD6A89-6B38-48B7-8BED-DCBD5CF6DC29}.Debug|Any CPU.Build.0 = Debug|Any CPU
		{51CD6A89-6B38-48B7-8BED-DCBD5CF6DC29}.Release|Any CPU.ActiveCfg = Release|Any CPU
		{51CD6A89-6B38-48B7-8BED-DCBD5CF6DC29}.Release|Any CPU.Build.0 = Release|Any CPU
		{8070FF0D-7C06-44D0-A58C-AE846AC3B3CF}.Debug|Any CPU.ActiveCfg = Debug|Any CPU
		{8070FF0D-7C06-44D0-A58C-AE846AC3B3CF}.Debug|Any CPU.Build.0 = Debug|Any CPU
		{8070FF0D-7C06-44D0-A58C-AE846AC3B3CF}.Release|Any CPU.ActiveCfg = Release|Any CPU
		{8070FF0D-7C06-44D0-A58C-AE846AC3B3CF}.Release|Any CPU.Build.0 = Release|Any CPU
		{9FE5D893-9DF9-4515-B9FC-37332B72074E}.Debug|Any CPU.ActiveCfg = Debug|Any CPU
		{9FE5D893-9DF9-4515-B9FC-37332B72074E}.Debug|Any CPU.Build.0 = Debug|Any CPU
		{9FE5D893-9DF9-4515-B9FC-37332B72074E}.Release|Any CPU.ActiveCfg = Release|Any CPU
		{9FE5D893-9DF9-4515-B9FC-37332B72074E}.Release|Any CPU.Build.0 = Release|Any CPU
		{DF9E9B2A-20D0-4AA8-9BF5-1D440E614D2C}.Debug|Any CPU.ActiveCfg = Debug|Any CPU
		{DF9E9B2A-20D0-4AA8-9BF5-1D440E614D2C}.Debug|Any CPU.Build.0 = Debug|Any CPU
		{DF9E9B2A-20D0-4AA8-9BF5-1D440E614D2C}.Release|Any CPU.ActiveCfg = Release|Any CPU
		{DF9E9B2A-20D0-4AA8-9BF5-1D440E614D2C}.Release|Any CPU.Build.0 = Release|Any CPU
		{D673D76A-EAE3-4778-9392-930290AD1B1E}.Debug|Any CPU.ActiveCfg = Debug|Any CPU
		{D673D76A-EAE3-4778-9392-930290AD1B1E}.Debug|Any CPU.Build.0 = Debug|Any CPU
		{D673D76A-EAE3-4778-9392-930290AD1B1E}.Release|Any CPU.ActiveCfg = Release|Any CPU
		{D673D76A-EAE3-4778-9392-930290AD1B1E}.Release|Any CPU.Build.0 = Release|Any CPU
		{4B16B65C-F2D4-4A80-B98F-93FD5822A0C1}.Debug|Any CPU.ActiveCfg = Debug|Any CPU
		{4B16B65C-F2D4-4A80-B98F-93FD5822A0C1}.Debug|Any CPU.Build.0 = Debug|Any CPU
		{4B16B65C-F2D4-4A80-B98F-93FD5822A0C1}.Release|Any CPU.ActiveCfg = Release|Any CPU
		{4B16B65C-F2D4-4A80-B98F-93FD5822A0C1}.Release|Any CPU.Build.0 = Release|Any CPU
		{EE986CFA-77F6-4D40-AA23-6B21A53414D1}.Debug|Any CPU.ActiveCfg = Debug|Any CPU
		{EE986CFA-77F6-4D40-AA23-6B21A53414D1}.Debug|Any CPU.Build.0 = Debug|Any CPU
		{EE986CFA-77F6-4D40-AA23-6B21A53414D1}.Release|Any CPU.ActiveCfg = Release|Any CPU
		{EE986CFA-77F6-4D40-AA23-6B21A53414D1}.Release|Any CPU.Build.0 = Release|Any CPU
		{8D9550C3-6644-4CF2-A7C0-E42E32E95168}.Debug|Any CPU.ActiveCfg = Debug|Any CPU
		{8D9550C3-6644-4CF2-A7C0-E42E32E95168}.Debug|Any CPU.Build.0 = Debug|Any CPU
		{8D9550C3-6644-4CF2-A7C0-E42E32E95168}.Release|Any CPU.ActiveCfg = Release|Any CPU
		{8D9550C3-6644-4CF2-A7C0-E42E32E95168}.Release|Any CPU.Build.0 = Release|Any CPU
		{2711724C-166C-4FC3-8868-18A85FA4500A}.Debug|Any CPU.ActiveCfg = Debug|Any CPU
		{2711724C-166C-4FC3-8868-18A85FA4500A}.Debug|Any CPU.Build.0 = Debug|Any CPU
		{2711724C-166C-4FC3-8868-18A85FA4500A}.Release|Any CPU.ActiveCfg = Release|Any CPU
		{2711724C-166C-4FC3-8868-18A85FA4500A}.Release|Any CPU.Build.0 = Release|Any CPU
		{DD236086-E92B-4DAC-B928-8BB8311AF2BD}.Debug|Any CPU.ActiveCfg = Debug|Any CPU
		{DD236086-E92B-4DAC-B928-8BB8311AF2BD}.Debug|Any CPU.Build.0 = Debug|Any CPU
		{DD236086-E92B-4DAC-B928-8BB8311AF2BD}.Release|Any CPU.ActiveCfg = Release|Any CPU
		{DD236086-E92B-4DAC-B928-8BB8311AF2BD}.Release|Any CPU.Build.0 = Release|Any CPU
		{5D499422-D023-4DD4-96E7-8E1AE53B7624}.Debug|Any CPU.ActiveCfg = Debug|Any CPU
		{5D499422-D023-4DD4-96E7-8E1AE53B7624}.Debug|Any CPU.Build.0 = Debug|Any CPU
		{5D499422-D023-4DD4-96E7-8E1AE53B7624}.Release|Any CPU.ActiveCfg = Release|Any CPU
		{5D499422-D023-4DD4-96E7-8E1AE53B7624}.Release|Any CPU.Build.0 = Release|Any CPU
		{CAD6471F-3D8A-470B-BF4C-17A587D9261E}.Debug|Any CPU.ActiveCfg = Debug|Any CPU
		{CAD6471F-3D8A-470B-BF4C-17A587D9261E}.Debug|Any CPU.Build.0 = Debug|Any CPU
		{CAD6471F-3D8A-470B-BF4C-17A587D9261E}.Release|Any CPU.ActiveCfg = Release|Any CPU
		{CAD6471F-3D8A-470B-BF4C-17A587D9261E}.Release|Any CPU.Build.0 = Release|Any CPU
	EndGlobalSection
	GlobalSection(SolutionProperties) = preSolution
		HideSolutionNode = FALSE
	EndGlobalSection
	GlobalSection(ExtensibilityGlobals) = postSolution
		SolutionGuid = {D27D3EB5-630A-4ED9-8A40-D992FA965789}
	EndGlobalSection
EndGlobal
