
Microsoft Visual Studio Solution File, Format Version 12.00
# Visual Studio 15
VisualStudioVersion = 15.0.27004.2002
MinimumVisualStudioVersion = 10.0.40219.1
Project("{FAE04EC0-301F-11D3-BF4B-00C04F79EFBC}") = "Лабораторная 12", "Лабораторная 12\Лабораторная 12.csproj", "{F0BC9BE2-D34A-41B8-A12A-ECF2A7E2AAD3}"
EndProject
Project("{FAE04EC0-301F-11D3-BF4B-00C04F79EFBC}") = "task5164", "task5164\task5164.csproj", "{299E3310-90BB-45D0-A2A2-844E8C3DC8CD}"
EndProject
Project("{FAE04EC0-301F-11D3-BF4B-00C04F79EFBC}") = "task2354", "task2354\task2354.csproj", "{C201B96D-2D13-4F23-A7A3-84252CEBC784}"
EndProject
Project("{FAE04EC0-301F-11D3-BF4B-00C04F79EFBC}") = "task2030", "task2030\task2030.csproj", "{8B3CBD00-C203-42CA-8954-5A65F8D4D4C6}"
EndProject
Project("{FAE04EC0-301F-11D3-BF4B-00C04F79EFBC}") = "Methods", "Methods\Methods.csproj", "{144A76C2-13C2-46BA-A63B-901EF8630B5A}"
EndProject
Global
	GlobalSection(SolutionConfigurationPlatforms) = preSolution
		Debug|Any CPU = Debug|Any CPU
		Release|Any CPU = Release|Any CPU
	EndGlobalSection
	GlobalSection(ProjectConfigurationPlatforms) = postSolution
		{F0BC9BE2-D34A-41B8-A12A-ECF2A7E2AAD3}.Debug|Any CPU.ActiveCfg = Debug|Any CPU
		{F0BC9BE2-D34A-41B8-A12A-ECF2A7E2AAD3}.Debug|Any CPU.Build.0 = Debug|Any CPU
		{F0BC9BE2-D34A-41B8-A12A-ECF2A7E2AAD3}.Release|Any CPU.ActiveCfg = Release|Any CPU
		{F0BC9BE2-D34A-41B8-A12A-ECF2A7E2AAD3}.Release|Any CPU.Build.0 = Release|Any CPU
		{299E3310-90BB-45D0-A2A2-844E8C3DC8CD}.Debug|Any CPU.ActiveCfg = Debug|Any CPU
		{299E3310-90BB-45D0-A2A2-844E8C3DC8CD}.Debug|Any CPU.Build.0 = Debug|Any CPU
		{299E3310-90BB-45D0-A2A2-844E8C3DC8CD}.Release|Any CPU.ActiveCfg = Release|Any CPU
		{299E3310-90BB-45D0-A2A2-844E8C3DC8CD}.Release|Any CPU.Build.0 = Release|Any CPU
		{C201B96D-2D13-4F23-A7A3-84252CEBC784}.Debug|Any CPU.ActiveCfg = Debug|Any CPU
		{C201B96D-2D13-4F23-A7A3-84252CEBC784}.Debug|Any CPU.Build.0 = Debug|Any CPU
		{C201B96D-2D13-4F23-A7A3-84252CEBC784}.Release|Any CPU.ActiveCfg = Release|Any CPU
		{C201B96D-2D13-4F23-A7A3-84252CEBC784}.Release|Any CPU.Build.0 = Release|Any CPU
		{8B3CBD00-C203-42CA-8954-5A65F8D4D4C6}.Debug|Any CPU.ActiveCfg = Debug|Any CPU
		{8B3CBD00-C203-42CA-8954-5A65F8D4D4C6}.Debug|Any CPU.Build.0 = Debug|Any CPU
		{8B3CBD00-C203-42CA-8954-5A65F8D4D4C6}.Release|Any CPU.ActiveCfg = Release|Any CPU
		{8B3CBD00-C203-42CA-8954-5A65F8D4D4C6}.Release|Any CPU.Build.0 = Release|Any CPU
		{144A76C2-13C2-46BA-A63B-901EF8630B5A}.Debug|Any CPU.ActiveCfg = Debug|Any CPU
		{144A76C2-13C2-46BA-A63B-901EF8630B5A}.Debug|Any CPU.Build.0 = Debug|Any CPU
		{144A76C2-13C2-46BA-A63B-901EF8630B5A}.Release|Any CPU.ActiveCfg = Release|Any CPU
		{144A76C2-13C2-46BA-A63B-901EF8630B5A}.Release|Any CPU.Build.0 = Release|Any CPU
	EndGlobalSection
	GlobalSection(SolutionProperties) = preSolution
		HideSolutionNode = FALSE
	EndGlobalSection
	GlobalSection(ExtensibilityGlobals) = postSolution
		SolutionGuid = {D08DAAE9-735D-413A-90A4-6DC399B79A9E}
	EndGlobalSection
EndGlobal
