
Microsoft Visual Studio Solution File, Format Version 12.00
# Visual Studio 15
VisualStudioVersion = 15.0.27004.2009
MinimumVisualStudioVersion = 10.0.40219.1
Project("{FAE04EC0-301F-11D3-BF4B-00C04F79EFBC}") = "Задание 6-1", "Задание 6-1\Задание 6-1.csproj", "{4AE449AC-5735-4AC8-A253-8EAE568AD4B4}"
EndProject
Project("{FAE04EC0-301F-11D3-BF4B-00C04F79EFBC}") = "Задание 6-2", "Задание 6-2\Задание 6-2.csproj", "{38BE2F54-BEE9-4B70-9E6E-2A26252BC1DD}"
EndProject
Project("{FAE04EC0-301F-11D3-BF4B-00C04F79EFBC}") = "Задание 6-3", "Задание 3-6\Задание 6-3.csproj", "{2042D469-FDF8-4E75-B4EC-F3799D5460BC}"
EndProject
Project("{FAE04EC0-301F-11D3-BF4B-00C04F79EFBC}") = "Задание 6-4", "Задание 6-4\Задание 6-4.csproj", "{CFAE40FC-6D34-4FF8-BF20-C332EBFDE25E}"
EndProject
Project("{FAE04EC0-301F-11D3-BF4B-00C04F79EFBC}") = "Задание 6-5", "Задание 6-5\Задание 6-5.csproj", "{3E797007-BAFB-4433-86DC-029F9381D8D6}"
EndProject
Project("{FAE04EC0-301F-11D3-BF4B-00C04F79EFBC}") = "Задание 6-6", "Задание 6-6\Задание 6-6.csproj", "{5EB12969-C4E5-445D-9F57-27033C70A6DC}"
EndProject
Project("{FAE04EC0-301F-11D3-BF4B-00C04F79EFBC}") = "Задание 6-7", "Задание 6-7\Задание 6-7.csproj", "{1E255868-7954-4A54-975A-EA1B956040C9}"
EndProject
Project("{FAE04EC0-301F-11D3-BF4B-00C04F79EFBC}") = "Задание 6-8", "Задание 6-8\Задание 6-8.csproj", "{C5BF3249-AF5A-4F91-B679-2D6C26D62548}"
EndProject
Project("{FAE04EC0-301F-11D3-BF4B-00C04F79EFBC}") = "Задание 6-9", "Задание 6-9\Задание 6-9.csproj", "{A48E3E2F-AEF5-4DFC-BD97-AF99A5954416}"
EndProject
Project("{FAE04EC0-301F-11D3-BF4B-00C04F79EFBC}") = "Задание 6-10", "Задание 6-10\Задание 6-10.csproj", "{08DA9B47-95A8-4822-BAEB-60BDBBC96C4E}"
EndProject
Project("{FAE04EC0-301F-11D3-BF4B-00C04F79EFBC}") = "Задание 6-11", "Задание 6-11\Задание 6-11.csproj", "{7D3343D9-7088-43DE-90B7-AD3433B64BFB}"
EndProject
Project("{FAE04EC0-301F-11D3-BF4B-00C04F79EFBC}") = "Задание 6-12", "ConsoleApp1\Задание 6-12.csproj", "{91427AB4-AF35-4C98-9FBF-2ECD811B212D}"
EndProject
Project("{FAE04EC0-301F-11D3-BF4B-00C04F79EFBC}") = "Задание 6-13", "Задание 6-13\Задание 6-13.csproj", "{BFC0C15E-B832-4DD9-A2A7-02B9E04911B6}"
EndProject
Project("{FAE04EC0-301F-11D3-BF4B-00C04F79EFBC}") = "Задание 6-14", "Задание 6-14\Задание 6-14.csproj", "{CB1C3E8A-E660-44D8-B478-86A1C1709E96}"
EndProject
Project("{FAE04EC0-301F-11D3-BF4B-00C04F79EFBC}") = "Задание 6-15", "Задание 6-15\Задание 6-15.csproj", "{A064E908-7280-48C8-B12D-51FB21CCBE2B}"
EndProject
Project("{FAE04EC0-301F-11D3-BF4B-00C04F79EFBC}") = "Задание 6-16", "Задание 6-16\Задание 6-16.csproj", "{562AE1EC-0C47-4034-AB1B-520840B665E3}"
EndProject
Project("{FAE04EC0-301F-11D3-BF4B-00C04F79EFBC}") = "Задание 6-17", "Задание 6-17\Задание 6-17.csproj", "{992D7BA1-45F2-4B42-849B-1A06CB241FF6}"
EndProject
Project("{FAE04EC0-301F-11D3-BF4B-00C04F79EFBC}") = "Задание 6-18", "Задание 6-18\Задание 6-18.csproj", "{DB0C69B0-D7CB-43FB-B4AA-34C554C15047}"
EndProject
Project("{FAE04EC0-301F-11D3-BF4B-00C04F79EFBC}") = "Задание 6-19", "Задание 6-19\Задание 6-19.csproj", "{55E96433-9A6C-479C-A3A1-8B5FE094F8A1}"
EndProject
Project("{FAE04EC0-301F-11D3-BF4B-00C04F79EFBC}") = "Задание 6-20", "Задание 6-20\Задание 6-20.csproj", "{3D5C58FF-B7F1-43EB-A756-F3FB48056B66}"
EndProject
Project("{FAE04EC0-301F-11D3-BF4B-00C04F79EFBC}") = "Задание 6-21", "Задание 6-21\Задание 6-21.csproj", "{B06C4A42-5E43-4DC2-B41D-2AF8C1D1AD55}"
EndProject
Project("{FAE04EC0-301F-11D3-BF4B-00C04F79EFBC}") = "Задание 6-22", "Задание 6-22\Задание 6-22.csproj", "{CDFFED5B-BEB2-48B7-A4B8-6C40CEBD9A93}"
EndProject
Project("{FAE04EC0-301F-11D3-BF4B-00C04F79EFBC}") = "Задание 6-23", "Задание 6-23\Задание 6-23.csproj", "{E2CB378F-7BD3-42C5-8721-5AAD37ED0015}"
EndProject
Project("{FAE04EC0-301F-11D3-BF4B-00C04F79EFBC}") = "Задание 6-24", "Задание 6-24\Задание 6-24.csproj", "{7FDA43F3-7123-4FE8-9DFA-FC6301131F7D}"
EndProject
Project("{FAE04EC0-301F-11D3-BF4B-00C04F79EFBC}") = "Задание 6-25", "Задание 6-25\Задание 6-25.csproj", "{94FBE904-C005-46C5-8503-AB4E28A67067}"
EndProject
Project("{FAE04EC0-301F-11D3-BF4B-00C04F79EFBC}") = "Задание 6-26", "Задание 6-26\Задание 6-26.csproj", "{9E8C6921-54AB-4C16-8E4C-4E8F1BD907AA}"
EndProject
Project("{FAE04EC0-301F-11D3-BF4B-00C04F79EFBC}") = "Задание 6-27", "Задание 6-27\Задание 6-27.csproj", "{C56BCBE4-CB51-4BF8-A725-29F6123EEA94}"
EndProject
Global
	GlobalSection(SolutionConfigurationPlatforms) = preSolution
		Debug|Any CPU = Debug|Any CPU
		Release|Any CPU = Release|Any CPU
	EndGlobalSection
	GlobalSection(ProjectConfigurationPlatforms) = postSolution
		{4AE449AC-5735-4AC8-A253-8EAE568AD4B4}.Debug|Any CPU.ActiveCfg = Debug|Any CPU
		{4AE449AC-5735-4AC8-A253-8EAE568AD4B4}.Debug|Any CPU.Build.0 = Debug|Any CPU
		{4AE449AC-5735-4AC8-A253-8EAE568AD4B4}.Release|Any CPU.ActiveCfg = Release|Any CPU
		{4AE449AC-5735-4AC8-A253-8EAE568AD4B4}.Release|Any CPU.Build.0 = Release|Any CPU
		{38BE2F54-BEE9-4B70-9E6E-2A26252BC1DD}.Debug|Any CPU.ActiveCfg = Debug|Any CPU
		{38BE2F54-BEE9-4B70-9E6E-2A26252BC1DD}.Debug|Any CPU.Build.0 = Debug|Any CPU
		{38BE2F54-BEE9-4B70-9E6E-2A26252BC1DD}.Release|Any CPU.ActiveCfg = Release|Any CPU
		{38BE2F54-BEE9-4B70-9E6E-2A26252BC1DD}.Release|Any CPU.Build.0 = Release|Any CPU
		{2042D469-FDF8-4E75-B4EC-F3799D5460BC}.Debug|Any CPU.ActiveCfg = Debug|Any CPU
		{2042D469-FDF8-4E75-B4EC-F3799D5460BC}.Debug|Any CPU.Build.0 = Debug|Any CPU
		{2042D469-FDF8-4E75-B4EC-F3799D5460BC}.Release|Any CPU.ActiveCfg = Release|Any CPU
		{2042D469-FDF8-4E75-B4EC-F3799D5460BC}.Release|Any CPU.Build.0 = Release|Any CPU
		{CFAE40FC-6D34-4FF8-BF20-C332EBFDE25E}.Debug|Any CPU.ActiveCfg = Debug|Any CPU
		{CFAE40FC-6D34-4FF8-BF20-C332EBFDE25E}.Debug|Any CPU.Build.0 = Debug|Any CPU
		{CFAE40FC-6D34-4FF8-BF20-C332EBFDE25E}.Release|Any CPU.ActiveCfg = Release|Any CPU
		{CFAE40FC-6D34-4FF8-BF20-C332EBFDE25E}.Release|Any CPU.Build.0 = Release|Any CPU
		{3E797007-BAFB-4433-86DC-029F9381D8D6}.Debug|Any CPU.ActiveCfg = Debug|Any CPU
		{3E797007-BAFB-4433-86DC-029F9381D8D6}.Debug|Any CPU.Build.0 = Debug|Any CPU
		{3E797007-BAFB-4433-86DC-029F9381D8D6}.Release|Any CPU.ActiveCfg = Release|Any CPU
		{3E797007-BAFB-4433-86DC-029F9381D8D6}.Release|Any CPU.Build.0 = Release|Any CPU
		{5EB12969-C4E5-445D-9F57-27033C70A6DC}.Debug|Any CPU.ActiveCfg = Debug|Any CPU
		{5EB12969-C4E5-445D-9F57-27033C70A6DC}.Debug|Any CPU.Build.0 = Debug|Any CPU
		{5EB12969-C4E5-445D-9F57-27033C70A6DC}.Release|Any CPU.ActiveCfg = Release|Any CPU
		{5EB12969-C4E5-445D-9F57-27033C70A6DC}.Release|Any CPU.Build.0 = Release|Any CPU
		{1E255868-7954-4A54-975A-EA1B956040C9}.Debug|Any CPU.ActiveCfg = Debug|Any CPU
		{1E255868-7954-4A54-975A-EA1B956040C9}.Debug|Any CPU.Build.0 = Debug|Any CPU
		{1E255868-7954-4A54-975A-EA1B956040C9}.Release|Any CPU.ActiveCfg = Release|Any CPU
		{1E255868-7954-4A54-975A-EA1B956040C9}.Release|Any CPU.Build.0 = Release|Any CPU
		{C5BF3249-AF5A-4F91-B679-2D6C26D62548}.Debug|Any CPU.ActiveCfg = Debug|Any CPU
		{C5BF3249-AF5A-4F91-B679-2D6C26D62548}.Debug|Any CPU.Build.0 = Debug|Any CPU
		{C5BF3249-AF5A-4F91-B679-2D6C26D62548}.Release|Any CPU.ActiveCfg = Release|Any CPU
		{C5BF3249-AF5A-4F91-B679-2D6C26D62548}.Release|Any CPU.Build.0 = Release|Any CPU
		{A48E3E2F-AEF5-4DFC-BD97-AF99A5954416}.Debug|Any CPU.ActiveCfg = Debug|Any CPU
		{A48E3E2F-AEF5-4DFC-BD97-AF99A5954416}.Debug|Any CPU.Build.0 = Debug|Any CPU
		{A48E3E2F-AEF5-4DFC-BD97-AF99A5954416}.Release|Any CPU.ActiveCfg = Release|Any CPU
		{A48E3E2F-AEF5-4DFC-BD97-AF99A5954416}.Release|Any CPU.Build.0 = Release|Any CPU
		{08DA9B47-95A8-4822-BAEB-60BDBBC96C4E}.Debug|Any CPU.ActiveCfg = Debug|Any CPU
		{08DA9B47-95A8-4822-BAEB-60BDBBC96C4E}.Debug|Any CPU.Build.0 = Debug|Any CPU
		{08DA9B47-95A8-4822-BAEB-60BDBBC96C4E}.Release|Any CPU.ActiveCfg = Release|Any CPU
		{08DA9B47-95A8-4822-BAEB-60BDBBC96C4E}.Release|Any CPU.Build.0 = Release|Any CPU
		{7D3343D9-7088-43DE-90B7-AD3433B64BFB}.Debug|Any CPU.ActiveCfg = Debug|Any CPU
		{7D3343D9-7088-43DE-90B7-AD3433B64BFB}.Debug|Any CPU.Build.0 = Debug|Any CPU
		{7D3343D9-7088-43DE-90B7-AD3433B64BFB}.Release|Any CPU.ActiveCfg = Release|Any CPU
		{7D3343D9-7088-43DE-90B7-AD3433B64BFB}.Release|Any CPU.Build.0 = Release|Any CPU
		{91427AB4-AF35-4C98-9FBF-2ECD811B212D}.Debug|Any CPU.ActiveCfg = Debug|Any CPU
		{91427AB4-AF35-4C98-9FBF-2ECD811B212D}.Debug|Any CPU.Build.0 = Debug|Any CPU
		{91427AB4-AF35-4C98-9FBF-2ECD811B212D}.Release|Any CPU.ActiveCfg = Release|Any CPU
		{91427AB4-AF35-4C98-9FBF-2ECD811B212D}.Release|Any CPU.Build.0 = Release|Any CPU
		{BFC0C15E-B832-4DD9-A2A7-02B9E04911B6}.Debug|Any CPU.ActiveCfg = Debug|Any CPU
		{BFC0C15E-B832-4DD9-A2A7-02B9E04911B6}.Debug|Any CPU.Build.0 = Debug|Any CPU
		{BFC0C15E-B832-4DD9-A2A7-02B9E04911B6}.Release|Any CPU.ActiveCfg = Release|Any CPU
		{BFC0C15E-B832-4DD9-A2A7-02B9E04911B6}.Release|Any CPU.Build.0 = Release|Any CPU
		{CB1C3E8A-E660-44D8-B478-86A1C1709E96}.Debug|Any CPU.ActiveCfg = Debug|Any CPU
		{CB1C3E8A-E660-44D8-B478-86A1C1709E96}.Debug|Any CPU.Build.0 = Debug|Any CPU
		{CB1C3E8A-E660-44D8-B478-86A1C1709E96}.Release|Any CPU.ActiveCfg = Release|Any CPU
		{CB1C3E8A-E660-44D8-B478-86A1C1709E96}.Release|Any CPU.Build.0 = Release|Any CPU
		{A064E908-7280-48C8-B12D-51FB21CCBE2B}.Debug|Any CPU.ActiveCfg = Debug|Any CPU
		{A064E908-7280-48C8-B12D-51FB21CCBE2B}.Debug|Any CPU.Build.0 = Debug|Any CPU
		{A064E908-7280-48C8-B12D-51FB21CCBE2B}.Release|Any CPU.ActiveCfg = Release|Any CPU
		{A064E908-7280-48C8-B12D-51FB21CCBE2B}.Release|Any CPU.Build.0 = Release|Any CPU
		{562AE1EC-0C47-4034-AB1B-520840B665E3}.Debug|Any CPU.ActiveCfg = Debug|Any CPU
		{562AE1EC-0C47-4034-AB1B-520840B665E3}.Debug|Any CPU.Build.0 = Debug|Any CPU
		{562AE1EC-0C47-4034-AB1B-520840B665E3}.Release|Any CPU.ActiveCfg = Release|Any CPU
		{562AE1EC-0C47-4034-AB1B-520840B665E3}.Release|Any CPU.Build.0 = Release|Any CPU
		{992D7BA1-45F2-4B42-849B-1A06CB241FF6}.Debug|Any CPU.ActiveCfg = Debug|Any CPU
		{992D7BA1-45F2-4B42-849B-1A06CB241FF6}.Debug|Any CPU.Build.0 = Debug|Any CPU
		{992D7BA1-45F2-4B42-849B-1A06CB241FF6}.Release|Any CPU.ActiveCfg = Release|Any CPU
		{992D7BA1-45F2-4B42-849B-1A06CB241FF6}.Release|Any CPU.Build.0 = Release|Any CPU
		{DB0C69B0-D7CB-43FB-B4AA-34C554C15047}.Debug|Any CPU.ActiveCfg = Debug|Any CPU
		{DB0C69B0-D7CB-43FB-B4AA-34C554C15047}.Debug|Any CPU.Build.0 = Debug|Any CPU
		{DB0C69B0-D7CB-43FB-B4AA-34C554C15047}.Release|Any CPU.ActiveCfg = Release|Any CPU
		{DB0C69B0-D7CB-43FB-B4AA-34C554C15047}.Release|Any CPU.Build.0 = Release|Any CPU
		{55E96433-9A6C-479C-A3A1-8B5FE094F8A1}.Debug|Any CPU.ActiveCfg = Debug|Any CPU
		{55E96433-9A6C-479C-A3A1-8B5FE094F8A1}.Debug|Any CPU.Build.0 = Debug|Any CPU
		{55E96433-9A6C-479C-A3A1-8B5FE094F8A1}.Release|Any CPU.ActiveCfg = Release|Any CPU
		{55E96433-9A6C-479C-A3A1-8B5FE094F8A1}.Release|Any CPU.Build.0 = Release|Any CPU
		{3D5C58FF-B7F1-43EB-A756-F3FB48056B66}.Debug|Any CPU.ActiveCfg = Debug|Any CPU
		{3D5C58FF-B7F1-43EB-A756-F3FB48056B66}.Debug|Any CPU.Build.0 = Debug|Any CPU
		{3D5C58FF-B7F1-43EB-A756-F3FB48056B66}.Release|Any CPU.ActiveCfg = Release|Any CPU
		{3D5C58FF-B7F1-43EB-A756-F3FB48056B66}.Release|Any CPU.Build.0 = Release|Any CPU
		{B06C4A42-5E43-4DC2-B41D-2AF8C1D1AD55}.Debug|Any CPU.ActiveCfg = Debug|Any CPU
		{B06C4A42-5E43-4DC2-B41D-2AF8C1D1AD55}.Debug|Any CPU.Build.0 = Debug|Any CPU
		{B06C4A42-5E43-4DC2-B41D-2AF8C1D1AD55}.Release|Any CPU.ActiveCfg = Release|Any CPU
		{B06C4A42-5E43-4DC2-B41D-2AF8C1D1AD55}.Release|Any CPU.Build.0 = Release|Any CPU
		{CDFFED5B-BEB2-48B7-A4B8-6C40CEBD9A93}.Debug|Any CPU.ActiveCfg = Debug|Any CPU
		{CDFFED5B-BEB2-48B7-A4B8-6C40CEBD9A93}.Debug|Any CPU.Build.0 = Debug|Any CPU
		{CDFFED5B-BEB2-48B7-A4B8-6C40CEBD9A93}.Release|Any CPU.ActiveCfg = Release|Any CPU
		{CDFFED5B-BEB2-48B7-A4B8-6C40CEBD9A93}.Release|Any CPU.Build.0 = Release|Any CPU
		{E2CB378F-7BD3-42C5-8721-5AAD37ED0015}.Debug|Any CPU.ActiveCfg = Debug|Any CPU
		{E2CB378F-7BD3-42C5-8721-5AAD37ED0015}.Debug|Any CPU.Build.0 = Debug|Any CPU
		{E2CB378F-7BD3-42C5-8721-5AAD37ED0015}.Release|Any CPU.ActiveCfg = Release|Any CPU
		{E2CB378F-7BD3-42C5-8721-5AAD37ED0015}.Release|Any CPU.Build.0 = Release|Any CPU
		{7FDA43F3-7123-4FE8-9DFA-FC6301131F7D}.Debug|Any CPU.ActiveCfg = Debug|Any CPU
		{7FDA43F3-7123-4FE8-9DFA-FC6301131F7D}.Debug|Any CPU.Build.0 = Debug|Any CPU
		{7FDA43F3-7123-4FE8-9DFA-FC6301131F7D}.Release|Any CPU.ActiveCfg = Release|Any CPU
		{7FDA43F3-7123-4FE8-9DFA-FC6301131F7D}.Release|Any CPU.Build.0 = Release|Any CPU
		{94FBE904-C005-46C5-8503-AB4E28A67067}.Debug|Any CPU.ActiveCfg = Debug|Any CPU
		{94FBE904-C005-46C5-8503-AB4E28A67067}.Debug|Any CPU.Build.0 = Debug|Any CPU
		{94FBE904-C005-46C5-8503-AB4E28A67067}.Release|Any CPU.ActiveCfg = Release|Any CPU
		{94FBE904-C005-46C5-8503-AB4E28A67067}.Release|Any CPU.Build.0 = Release|Any CPU
		{9E8C6921-54AB-4C16-8E4C-4E8F1BD907AA}.Debug|Any CPU.ActiveCfg = Debug|Any CPU
		{9E8C6921-54AB-4C16-8E4C-4E8F1BD907AA}.Debug|Any CPU.Build.0 = Debug|Any CPU
		{9E8C6921-54AB-4C16-8E4C-4E8F1BD907AA}.Release|Any CPU.ActiveCfg = Release|Any CPU
		{9E8C6921-54AB-4C16-8E4C-4E8F1BD907AA}.Release|Any CPU.Build.0 = Release|Any CPU
		{C56BCBE4-CB51-4BF8-A725-29F6123EEA94}.Debug|Any CPU.ActiveCfg = Debug|Any CPU
		{C56BCBE4-CB51-4BF8-A725-29F6123EEA94}.Debug|Any CPU.Build.0 = Debug|Any CPU
		{C56BCBE4-CB51-4BF8-A725-29F6123EEA94}.Release|Any CPU.ActiveCfg = Release|Any CPU
		{C56BCBE4-CB51-4BF8-A725-29F6123EEA94}.Release|Any CPU.Build.0 = Release|Any CPU
	EndGlobalSection
	GlobalSection(SolutionProperties) = preSolution
		HideSolutionNode = FALSE
	EndGlobalSection
	GlobalSection(ExtensibilityGlobals) = postSolution
		SolutionGuid = {22022329-0935-421C-97C2-3809BB41321E}
	EndGlobalSection
EndGlobal
