
Microsoft Visual Studio Solution File, Format Version 12.00
# Visual Studio 14
VisualStudioVersion = 14.0.25420.1
MinimumVisualStudioVersion = 10.0.40219.1
Project("{FAE04EC0-301F-11D3-BF4B-00C04F79EFBC}") = "Задание 7-1", "Задание 7-1\Задание 7-1.csproj", "{57261BFE-5F7D-43D5-A2BE-960530422205}"
EndProject
Project("{FAE04EC0-301F-11D3-BF4B-00C04F79EFBC}") = "Задание 7-2", "Задание 7-2\Задание 7-2.csproj", "{2A8915FE-8F19-4BF4-924D-E28436BA45AD}"
EndProject
Project("{FAE04EC0-301F-11D3-BF4B-00C04F79EFBC}") = "Задание 7-5", "Задание 7-5\Задание 7-5.csproj", "{EAC8E21F-2A47-456F-A578-82B1B2CB9E15}"
EndProject
Project("{FAE04EC0-301F-11D3-BF4B-00C04F79EFBC}") = "Задание7-3", "Задание7-3\Задание7-3.csproj", "{A290B111-3A23-47D2-9A4E-31D8AEFCC800}"
EndProject
Project("{FAE04EC0-301F-11D3-BF4B-00C04F79EFBC}") = "Задание 7-4", "Задание 7-4\Задание 7-4.csproj", "{C7FC3A62-A910-4BBC-A0F6-E1E3DAC96311}"
EndProject
Project("{FAE04EC0-301F-11D3-BF4B-00C04F79EFBC}") = "Задание 7-6", "Задание 7-6\Задание 7-6.csproj", "{9053BACE-D770-450C-94FC-E8ECA559E472}"
EndProject
Project("{FAE04EC0-301F-11D3-BF4B-00C04F79EFBC}") = "Задание 7-7", "Задание 7-7\Задание 7-7.csproj", "{EE56784E-B51C-4A40-A07F-C5910A0AB2E2}"
EndProject
Project("{FAE04EC0-301F-11D3-BF4B-00C04F79EFBC}") = "Задание 7-12", "Задание 7-12\Задание 7-12.csproj", "{844DE650-62D1-4B2B-9134-F287A967E426}"
EndProject
Project("{FAE04EC0-301F-11D3-BF4B-00C04F79EFBC}") = "Задание 7-8", "Задание 7-8\Задание 7-8.csproj", "{4E0DCF5B-3FF0-45B2-90C7-9488E6B5603C}"
EndProject
Project("{FAE04EC0-301F-11D3-BF4B-00C04F79EFBC}") = "Задание 7-9", "Задание 7-9\Задание 7-9.csproj", "{4780947C-CEEC-43A1-9156-BE8CDB988CB0}"
EndProject
Project("{FAE04EC0-301F-11D3-BF4B-00C04F79EFBC}") = "Задание 7-10", "Задание 7-10\Задание 7-10.csproj", "{3336CBB0-EFD7-49DB-884E-CC95D53592B3}"
EndProject
Project("{FAE04EC0-301F-11D3-BF4B-00C04F79EFBC}") = "Задание 7-11", "Задание 7-11\Задание 7-11.csproj", "{3A536D74-071E-4543-8B85-58A478ECE5FA}"
EndProject
Global
	GlobalSection(SolutionConfigurationPlatforms) = preSolution
		Debug|Any CPU = Debug|Any CPU
		Release|Any CPU = Release|Any CPU
	EndGlobalSection
	GlobalSection(ProjectConfigurationPlatforms) = postSolution
		{57261BFE-5F7D-43D5-A2BE-960530422205}.Debug|Any CPU.ActiveCfg = Debug|Any CPU
		{57261BFE-5F7D-43D5-A2BE-960530422205}.Debug|Any CPU.Build.0 = Debug|Any CPU
		{57261BFE-5F7D-43D5-A2BE-960530422205}.Release|Any CPU.ActiveCfg = Release|Any CPU
		{57261BFE-5F7D-43D5-A2BE-960530422205}.Release|Any CPU.Build.0 = Release|Any CPU
		{2A8915FE-8F19-4BF4-924D-E28436BA45AD}.Debug|Any CPU.ActiveCfg = Debug|Any CPU
		{2A8915FE-8F19-4BF4-924D-E28436BA45AD}.Debug|Any CPU.Build.0 = Debug|Any CPU
		{2A8915FE-8F19-4BF4-924D-E28436BA45AD}.Release|Any CPU.ActiveCfg = Release|Any CPU
		{2A8915FE-8F19-4BF4-924D-E28436BA45AD}.Release|Any CPU.Build.0 = Release|Any CPU
		{EAC8E21F-2A47-456F-A578-82B1B2CB9E15}.Debug|Any CPU.ActiveCfg = Debug|Any CPU
		{EAC8E21F-2A47-456F-A578-82B1B2CB9E15}.Debug|Any CPU.Build.0 = Debug|Any CPU
		{EAC8E21F-2A47-456F-A578-82B1B2CB9E15}.Release|Any CPU.ActiveCfg = Release|Any CPU
		{EAC8E21F-2A47-456F-A578-82B1B2CB9E15}.Release|Any CPU.Build.0 = Release|Any CPU
		{A290B111-3A23-47D2-9A4E-31D8AEFCC800}.Debug|Any CPU.ActiveCfg = Debug|Any CPU
		{A290B111-3A23-47D2-9A4E-31D8AEFCC800}.Debug|Any CPU.Build.0 = Debug|Any CPU
		{A290B111-3A23-47D2-9A4E-31D8AEFCC800}.Release|Any CPU.ActiveCfg = Release|Any CPU
		{A290B111-3A23-47D2-9A4E-31D8AEFCC800}.Release|Any CPU.Build.0 = Release|Any CPU
		{C7FC3A62-A910-4BBC-A0F6-E1E3DAC96311}.Debug|Any CPU.ActiveCfg = Debug|Any CPU
		{C7FC3A62-A910-4BBC-A0F6-E1E3DAC96311}.Debug|Any CPU.Build.0 = Debug|Any CPU
		{C7FC3A62-A910-4BBC-A0F6-E1E3DAC96311}.Release|Any CPU.ActiveCfg = Release|Any CPU
		{C7FC3A62-A910-4BBC-A0F6-E1E3DAC96311}.Release|Any CPU.Build.0 = Release|Any CPU
		{9053BACE-D770-450C-94FC-E8ECA559E472}.Debug|Any CPU.ActiveCfg = Debug|Any CPU
		{9053BACE-D770-450C-94FC-E8ECA559E472}.Debug|Any CPU.Build.0 = Debug|Any CPU
		{9053BACE-D770-450C-94FC-E8ECA559E472}.Release|Any CPU.ActiveCfg = Release|Any CPU
		{9053BACE-D770-450C-94FC-E8ECA559E472}.Release|Any CPU.Build.0 = Release|Any CPU
		{EE56784E-B51C-4A40-A07F-C5910A0AB2E2}.Debug|Any CPU.ActiveCfg = Debug|Any CPU
		{EE56784E-B51C-4A40-A07F-C5910A0AB2E2}.Debug|Any CPU.Build.0 = Debug|Any CPU
		{EE56784E-B51C-4A40-A07F-C5910A0AB2E2}.Release|Any CPU.ActiveCfg = Release|Any CPU
		{EE56784E-B51C-4A40-A07F-C5910A0AB2E2}.Release|Any CPU.Build.0 = Release|Any CPU
		{844DE650-62D1-4B2B-9134-F287A967E426}.Debug|Any CPU.ActiveCfg = Debug|Any CPU
		{844DE650-62D1-4B2B-9134-F287A967E426}.Debug|Any CPU.Build.0 = Debug|Any CPU
		{844DE650-62D1-4B2B-9134-F287A967E426}.Release|Any CPU.ActiveCfg = Release|Any CPU
		{844DE650-62D1-4B2B-9134-F287A967E426}.Release|Any CPU.Build.0 = Release|Any CPU
		{4E0DCF5B-3FF0-45B2-90C7-9488E6B5603C}.Debug|Any CPU.ActiveCfg = Debug|Any CPU
		{4E0DCF5B-3FF0-45B2-90C7-9488E6B5603C}.Debug|Any CPU.Build.0 = Debug|Any CPU
		{4E0DCF5B-3FF0-45B2-90C7-9488E6B5603C}.Release|Any CPU.ActiveCfg = Release|Any CPU
		{4E0DCF5B-3FF0-45B2-90C7-9488E6B5603C}.Release|Any CPU.Build.0 = Release|Any CPU
		{4780947C-CEEC-43A1-9156-BE8CDB988CB0}.Debug|Any CPU.ActiveCfg = Debug|Any CPU
		{4780947C-CEEC-43A1-9156-BE8CDB988CB0}.Debug|Any CPU.Build.0 = Debug|Any CPU
		{4780947C-CEEC-43A1-9156-BE8CDB988CB0}.Release|Any CPU.ActiveCfg = Release|Any CPU
		{4780947C-CEEC-43A1-9156-BE8CDB988CB0}.Release|Any CPU.Build.0 = Release|Any CPU
		{3336CBB0-EFD7-49DB-884E-CC95D53592B3}.Debug|Any CPU.ActiveCfg = Debug|Any CPU
		{3336CBB0-EFD7-49DB-884E-CC95D53592B3}.Debug|Any CPU.Build.0 = Debug|Any CPU
		{3336CBB0-EFD7-49DB-884E-CC95D53592B3}.Release|Any CPU.ActiveCfg = Release|Any CPU
		{3336CBB0-EFD7-49DB-884E-CC95D53592B3}.Release|Any CPU.Build.0 = Release|Any CPU
		{3A536D74-071E-4543-8B85-58A478ECE5FA}.Debug|Any CPU.ActiveCfg = Debug|Any CPU
		{3A536D74-071E-4543-8B85-58A478ECE5FA}.Debug|Any CPU.Build.0 = Debug|Any CPU
		{3A536D74-071E-4543-8B85-58A478ECE5FA}.Release|Any CPU.ActiveCfg = Release|Any CPU
		{3A536D74-071E-4543-8B85-58A478ECE5FA}.Release|Any CPU.Build.0 = Release|Any CPU
	EndGlobalSection
	GlobalSection(SolutionProperties) = preSolution
		HideSolutionNode = FALSE
	EndGlobalSection
	GlobalSection(ExtensibilityGlobals) = postSolution
		SolutionGuid = {46ABE4AD-DB2B-4E09-B37B-FD6176255B5A}
	EndGlobalSection
EndGlobal
